{"SurveyEntry":{"SurveyID":"SV_1XHvCtZIHoIwNxQ","SurveyName":"Social Outsourcing - Study 6","SurveyDescription":null,"SurveyOwnerID":"UR_9z4mn7TBescJpWu","SurveyBrandID":"universityofkent","DivisionID":"DV_4Vfh5O1yrV9kV38","SurveyLanguage":"EN","SurveyActiveResponseSet":"RS_eFGHOHFI7frxbjE","SurveyStatus":"Active","SurveyStartDate":"0000-00-00 00:00:00","SurveyExpirationDate":"0000-00-00 00:00:00","SurveyCreationDate":"2025-03-27 06:12:31","CreatorID":"UR_9z4mn7TBescJpWu","LastModified":"2025-06-20 09:26:34","LastAccessed":"0000-00-00 00:00:00","LastActivated":"2025-03-27 07:16:21","Deleted":null},"SurveyElements":[{"SurveyID":"SV_1XHvCtZIHoIwNxQ","Element":"BL","PrimaryAttribute":"Survey Blocks","SecondaryAttribute":null,"TertiaryAttribute":null,"Payload":{"0":{"Type":"Default","Description":"AttentionCheck","ID":"BL_77J9kQsAwh7ZA5U","BlockElements":[{"Type":"Question","QuestionID":"QID18"},{"Type":"Question","QuestionID":"QID19"},{"Type":"Page Break"},{"Type":"Question","QuestionID":"QID20"},{"Type":"Question","QuestionID":"QID21"}],"Options":{"BlockLocking":"false","RandomizeQuestions":"false","BlockVisibility":"Collapsed"}},"1":{"Type":"Trash","Description":"Trash \/ Unused Questions","ID":"BL_8bNzc2ypZCUXPca","BlockElements":[]},"3":{"Type":"Standard","SubType":"","Description":"Prolific","ID":"BL_exuE5Fq761pykrI","BlockElements":[{"Type":"Question","QuestionID":"QID13"},{"Type":"Question","QuestionID":"QID14"}],"Options":{"BlockLocking":"false","RandomizeQuestions":"false","BlockVisibility":"Collapsed"}},"4":{"Type":"Standard","SubType":"","Description":"Consent","ID":"BL_0Ps6aEJW11s7tCm","BlockElements":[{"Type":"Question","QuestionID":"QID15"},{"Type":"Question","QuestionID":"QID16"},{"Type":"Question","QuestionID":"QID17"}],"Options":{"BlockLocking":"false","RandomizeQuestions":"false","BlockVisibility":"Collapsed"}},"5":{"Type":"Standard","SubType":"","Description":"Debrief","ID":"BL_egKGBH3K2mL9GdM","BlockElements":[{"Type":"Question","QuestionID":"QID22"},{"Type":"Question","QuestionID":"QID30"},{"Type":"Question","QuestionID":"QID25"}],"Options":{"BlockLocking":"false","RandomizeQuestions":"false","BlockVisibility":"Expanded"}},"6":{"Type":"Standard","SubType":"","Description":"Captcha","ID":"BL_eVyJfPEA2GzfpFs","BlockElements":[{"Type":"Question","QuestionID":"QID26"},{"Type":"Question","QuestionID":"QID27"},{"Type":"Question","QuestionID":"QID28"}],"Options":{"BlockLocking":"false","RandomizeQuestions":"false","BlockVisibility":"Collapsed"}},"9":{"Type":"Standard","SubType":"","Description":"Demographics","ID":"BL_1TvkejMy8OadHZc","BlockElements":[{"Type":"Question","QuestionID":"QID42"},{"Type":"Question","QuestionID":"QID43"},{"Type":"Question","QuestionID":"QID44"},{"Type":"Question","QuestionID":"QID45"}],"Options":{"BlockLocking":"false","RandomizeQuestions":"false","BlockVisibility":"Collapsed"}},"10":{"Type":"Standard","SubType":"","Description":"Introduction","ID":"BL_3kLTYESZTIEd16C","BlockElements":[{"Type":"Question","QuestionID":"QID46"},{"Type":"Question","QuestionID":"QID49"}],"Options":{"BlockLocking":"false","RandomizeQuestions":"false","BlockVisibility":"Collapsed"}},"12":{"Type":"Standard","SubType":"","Description":"ChatGPT","ID":"BL_5BlaekBfaV8MREi","BlockElements":[{"Type":"Question","QuestionID":"QID57"},{"Type":"Question","QuestionID":"QID58"},{"Type":"Question","QuestionID":"QID59"},{"Type":"Question","QuestionID":"QID60"},{"Type":"Question","QuestionID":"QID61"},{"Type":"Question","QuestionID":"QID66"}],"Options":{"BlockLocking":"false","RandomizeQuestions":"false","BlockVisibility":"Collapsed"}},"13":{"Type":"Standard","SubType":"","Description":"Vignette","ID":"BL_1HQ78utAjfruNp4","BlockElements":[{"Type":"Question","QuestionID":"QID78"},{"Type":"Question","QuestionID":"QID79"},{"Type":"Question","QuestionID":"QID82"},{"Type":"Question","QuestionID":"QID83"},{"Type":"Question","QuestionID":"QID81"}],"Options":{"BlockLocking":"false","RandomizeQuestions":"false","BlockVisibility":"Expanded"}},"14":{"Type":"Standard","SubType":"","Description":"DVs","ID":"BL_b72uBXDjO67Lss6","BlockElements":[{"Type":"Question","QuestionID":"QID84"},{"Type":"Question","QuestionID":"QID85"},{"Type":"Question","QuestionID":"QID86"},{"Type":"Question","QuestionID":"QID87"},{"Type":"Question","QuestionID":"QID88"},{"Type":"Page Break"},{"Type":"Question","QuestionID":"QID92"},{"Type":"Question","QuestionID":"QID93"},{"Type":"Question","QuestionID":"QID94"},{"Type":"Question","QuestionID":"QID95"},{"Type":"Question","QuestionID":"QID96"},{"Type":"Question","QuestionID":"QID97"},{"Type":"Page Break"},{"Type":"Question","QuestionID":"QID98"},{"Type":"Question","QuestionID":"QID99"},{"Type":"Question","QuestionID":"QID100"},{"Type":"Question","QuestionID":"QID101"},{"Type":"Question","QuestionID":"QID102"},{"Type":"Page Break"},{"Type":"Question","QuestionID":"QID104"},{"Type":"Question","QuestionID":"QID105"},{"Type":"Question","QuestionID":"QID106"},{"Type":"Question","QuestionID":"QID107"},{"Type":"Question","QuestionID":"QID103"},{"Type":"Question","QuestionID":"QID108"}],"Options":{"BlockLocking":"false","RandomizeQuestions":"false","BlockVisibility":"Expanded"}},"15":{"Type":"Standard","SubType":"","Description":"Comprehension","ID":"BL_eJcxLXMKFh5ihX8","BlockElements":[{"Type":"Question","QuestionID":"QID89"},{"Type":"Question","QuestionID":"QID90"},{"Type":"Question","QuestionID":"QID91"}],"Options":{"BlockLocking":"false","RandomizeQuestions":"false","BlockVisibility":"Collapsed"}}}},{"SurveyID":"SV_1XHvCtZIHoIwNxQ","Element":"FL","PrimaryAttribute":"Survey Flow","SecondaryAttribute":null,"TertiaryAttribute":null,"Payload":{"Type":"Root","FlowID":"FL_1","Flow":[{"Type":"EmbeddedData","FlowID":"FL_7","EmbeddedData":[{"Description":"PROLIFIC_PID","Type":"Recipient","Field":"PROLIFIC_PID","VariableType":"String","DataVisibility":[],"AnalyzeText":false},{"Description":"SESSION_ID","Type":"Recipient","Field":"SESSION_ID","VariableType":"String","DataVisibility":[],"AnalyzeText":false},{"Description":"STUDY_ID","Type":"Recipient","Field":"STUDY_ID","VariableType":"String","DataVisibility":[],"AnalyzeText":false}]},{"Type":"BlockRandomizer","FlowID":"FL_32","SubSet":1,"Flow":[{"Type":"EmbeddedData","FlowID":"FL_33","EmbeddedData":[{"Description":"Treatment","Type":"Custom","Field":"Treatment","VariableType":"String","DataVisibility":[],"AnalyzeText":false,"Value":"Control"}]},{"Type":"EmbeddedData","FlowID":"FL_34","EmbeddedData":[{"Description":"Treatment","Type":"Custom","Field":"Treatment","VariableType":"String","DataVisibility":[],"AnalyzeText":false,"Value":"Tool"}]},{"Type":"EmbeddedData","FlowID":"FL_35","EmbeddedData":[{"Description":"Treatment","Type":"Custom","Field":"Treatment","VariableType":"String","DataVisibility":[],"AnalyzeText":false,"Value":"Full"}]}]},{"Type":"Standard","ID":"BL_eVyJfPEA2GzfpFs","FlowID":"FL_11","Autofill":[]},{"Type":"Standard","ID":"BL_exuE5Fq761pykrI","FlowID":"FL_5","Autofill":[]},{"Type":"Standard","ID":"BL_0Ps6aEJW11s7tCm","FlowID":"FL_6","Autofill":[]},{"Type":"Branch","FlowID":"FL_8","Description":"New Branch","BranchLogic":{"0":{"0":{"LogicType":"Question","QuestionID":"QID16","QuestionIsInLoop":"no","ChoiceLocator":"q:\/\/QID16\/SelectableChoice\/2","Operator":"Selected","QuestionIDFromLocator":"QID16","LeftOperand":"q:\/\/QID16\/SelectableChoice\/2","Type":"Expression","Description":"<span class=\"ConjDesc\">If<\/span> <span class=\"QuestionDesc\">Please read the following statements and, if you agree, click \"Yes I agree\" below. I have read an...<\/span> <span class=\"LeftOpDesc\">No, I do not agree.<\/span> <span class=\"OpDesc\">Is Selected<\/span> "},"Type":"If"},"Type":"BooleanExpression"},"Flow":[{"Type":"EndSurvey","FlowID":"FL_9","EndingType":"Advanced","Options":{"Advanced":"true","SurveyTermination":"DisplayMessage","EOSMessageLibrary":"UR_9z4mn7TBescJpWu","EOSMessage":"MS_d43JCtAzWGc5X0y"}}]},{"Type":"Standard","ID":"BL_1TvkejMy8OadHZc","FlowID":"FL_31","Autofill":[]},{"Type":"Block","ID":"BL_77J9kQsAwh7ZA5U","FlowID":"FL_2","Autofill":[]},{"Type":"Standard","ID":"BL_3kLTYESZTIEd16C","FlowID":"FL_36","Autofill":[]},{"Type":"Standard","ID":"BL_1HQ78utAjfruNp4","FlowID":"FL_42","Autofill":[]},{"Type":"Standard","ID":"BL_eJcxLXMKFh5ihX8","FlowID":"FL_44","Autofill":[]},{"Type":"Standard","ID":"BL_b72uBXDjO67Lss6","FlowID":"FL_43","Autofill":[]},{"Type":"Standard","ID":"BL_5BlaekBfaV8MREi","FlowID":"FL_38","Autofill":[]},{"Type":"Block","ID":"BL_egKGBH3K2mL9GdM","FlowID":"FL_10","Autofill":[]},{"Type":"EndSurvey","FlowID":"FL_21","EndingType":"Advanced","Options":{"Advanced":"true","SurveyTermination":"Redirect","EOSRedirectURL":"https:\/\/app.prolific.com\/submissions\/complete?cc=CKJ0ZPOT"}}],"Properties":{"Count":44}}},{"SurveyID":"SV_1XHvCtZIHoIwNxQ","Element":"PL","PrimaryAttribute":"Preview Link","SecondaryAttribute":null,"TertiaryAttribute":null,"Payload":{"PreviewType":"Public","PreviewID":"250c44f1-9378-4886-b1fb-043bfd561646"}},{"SurveyID":"SV_1XHvCtZIHoIwNxQ","Element":"PROJ","PrimaryAttribute":"CORE","SecondaryAttribute":null,"TertiaryAttribute":"1.1.0","Payload":{"ProjectCategory":"CORE","SchemaVersion":"1.1.0"}},{"SurveyID":"SV_1XHvCtZIHoIwNxQ","Element":"QC","PrimaryAttribute":"Survey Question Count","SecondaryAttribute":"108","TertiaryAttribute":null,"Payload":null},{"SurveyID":"SV_1XHvCtZIHoIwNxQ","Element":"RS","PrimaryAttribute":"RS_eFGHOHFI7frxbjE","SecondaryAttribute":null,"TertiaryAttribute":null,"Payload":null},{"SurveyID":"SV_1XHvCtZIHoIwNxQ","Element":"SCO","PrimaryAttribute":"Scoring","SecondaryAttribute":null,"TertiaryAttribute":null,"Payload":{"ScoringCategories":[],"ScoringCategoryGroups":[],"ScoringSummaryCategory":null,"ScoringSummaryAfterQuestions":0,"ScoringSummaryAfterSurvey":0,"DefaultScoringCategory":null,"AutoScoringCategory":null}},{"SurveyID":"SV_1XHvCtZIHoIwNxQ","Element":"SO","PrimaryAttribute":"Survey Options","SecondaryAttribute":null,"TertiaryAttribute":null,"Payload":{"BackButton":"false","SaveAndContinue":"true","SurveyProtection":"PublicSurvey","BallotBoxStuffingPrevention":"false","NoIndex":"Yes","SecureResponseFiles":"true","SurveyExpiration":"None","SurveyTermination":"DefaultMessage","Header":"","Footer":"","ProgressBarDisplay":"None","PartialData":"+1 week","ValidationMessage":null,"PreviousButton":" \u2190 ","NextButton":" \u2192 ","SurveyTitle":"Qualtrics Survey | Qualtrics Experience Management","SkinLibrary":"universityofkent","SkinType":"templated","Skin":{"brandingId":null,"templateId":"*2014","overrides":null},"NewScoring":1,"SurveyMetaDescription":"The most powerful, simple and trusted way to gather experience data. Start your journey to experience management and try a free account today.","EOSMessage":null,"ShowExportTags":"false","CollectGeoLocation":"false","PasswordProtection":"No","AnonymizeResponse":"No","RefererCheck":"No","BallotBoxStuffingPreventionBehavior":null,"BallotBoxStuffingPreventionMessage":null,"BallotBoxStuffingPreventionMessageLibrary":null,"BallotBoxStuffingPreventionURL":null,"RecaptchaV3":"true","ConfirmStart":false,"AutoConfirmStart":false,"RelevantID":"false","RelevantIDLockoutPeriod":"+30 days","UseCustomSurveyLinkCompletedMessage":null,"SurveyLinkCompletedMessage":null,"SurveyLinkCompletedMessageLibrary":null,"ResponseSummary":"No","EOSMessageLibrary":null,"EOSRedirectURL":"http:\/\/","EmailThankYou":"false","ThankYouEmailMessageLibrary":null,"ThankYouEmailMessage":null,"ValidateMessage":"false","ValidationMessageLibrary":null,"InactiveSurvey":"DefaultMessage","PartialDeletion":null,"PartialDataCloseAfter":"LastActivity","InactiveMessageLibrary":null,"InactiveMessage":null,"AvailableLanguages":{"EN":[]},"ProtectSelectionIds":true}},{"SurveyID":"SV_1XHvCtZIHoIwNxQ","Element":"SQ","PrimaryAttribute":"QID100","SecondaryAttribute":"Remember, Adam asked ChatGPT to provide ideas, inspiration, and feedback. He edited and rewrote t...","TertiaryAttribute":null,"Payload":{"QuestionText":"Remember, <u>Adam asked ChatGPT to provide ideas, inspiration, and feedback. He edited and rewrote the suggestions and finished writing the love letter himself.<\/u><br><br><hr>","DefaultChoices":false,"DataExportTag":"Reminder3_Tool","QuestionType":"DB","Selector":"TB","DataVisibility":{"Private":false,"Hidden":false},"Configuration":{"QuestionDescriptionOption":"UseText"},"QuestionDescription":"Remember, Adam asked ChatGPT to provide ideas, inspiration, and feedback. He edited and rewrote t...","DisplayLogic":{"0":{"0":{"LogicType":"EmbeddedField","LeftOperand":"Treatment","Operator":"EqualTo","RightOperand":"Tool","Type":"Expression","Description":"<span class=\"ConjDesc\">If<\/span> <span class=\"LeftOpDesc\">Treatment<\/span> <span class=\"OpDesc\">Is Equal to<\/span> <span class=\"RightOpDesc\"> Tool <\/span>"},"Type":"If"},"Type":"BooleanExpression","inPage":false},"ChoiceOrder":[],"Validation":{"Settings":{"Type":"None"}},"GradingData":[],"Language":[],"NextChoiceId":4,"NextAnswerId":1,"QuestionID":"QID100"}},{"SurveyID":"SV_1XHvCtZIHoIwNxQ","Element":"SQ","PrimaryAttribute":"QID101","SecondaryAttribute":"Remember, Adam asked ChatGPT to write the love letter. He copied the output word-for-word, rather...","TertiaryAttribute":null,"Payload":{"QuestionText":"Remember, <u>Adam asked ChatGPT to write the love letter. He copied the output word-for-word, rather than writing the love letter himself.<\/u><br><br><hr>","DefaultChoices":false,"DataExportTag":"Reminder3_Full","QuestionType":"DB","Selector":"TB","DataVisibility":{"Private":false,"Hidden":false},"Configuration":{"QuestionDescriptionOption":"UseText"},"QuestionDescription":"Remember, Adam asked ChatGPT to write the love letter. He copied the output word-for-word, rather...","DisplayLogic":{"0":{"0":{"LogicType":"EmbeddedField","LeftOperand":"Treatment","Operator":"EqualTo","RightOperand":"Full","Type":"Expression","Description":"<span class=\"ConjDesc\">If<\/span> <span class=\"LeftOpDesc\">Treatment<\/span> <span class=\"OpDesc\">Is Equal to<\/span> <span class=\"RightOpDesc\"> Full <\/span>"},"Type":"If"},"Type":"BooleanExpression","inPage":false},"ChoiceOrder":[],"Validation":{"Settings":{"Type":"None"}},"GradingData":[],"Language":[],"NextChoiceId":4,"NextAnswerId":1,"QuestionID":"QID101"}},{"SurveyID":"SV_1XHvCtZIHoIwNxQ","Element":"SQ","PrimaryAttribute":"QID102","SecondaryAttribute":"How well do each of the following words describe Adam?","TertiaryAttribute":null,"Payload":{"QuestionText":"How well do each of the following words describe Adam?","DefaultChoices":false,"DataExportTag":"Evaluate","QuestionType":"Matrix","Selector":"Likert","SubSelector":"SingleAnswer","DataVisibility":{"Private":false,"Hidden":false},"Configuration":{"QuestionDescriptionOption":"UseText","TextPosition":"inline","ChoiceColumnWidth":25,"RepeatHeaders":"none","WhiteSpace":"OFF","MobileFirst":true},"QuestionDescription":"How well do each of the following words describe Adam?","Choices":{"1":{"Display":"Competent"},"2":{"Display":"Warm"},"3":{"Display":"Moral"},"4":{"Display":"Lazy"},"5":{"Display":"Trustworthy"}},"ChoiceOrder":["1","2","3","4","5"],"Validation":{"Settings":{"ForceResponse":"RequestResponse","ForceResponseType":"RequestResponse","Type":"None"}},"GradingData":[],"Language":[],"NextChoiceId":6,"NextAnswerId":8,"Answers":{"1":{"Display":"1<br>Does not describe Adam well"},"2":{"Display":"2"},"3":{"Display":"3"},"4":{"Display":"4"},"5":{"Display":"5"},"6":{"Display":"6"},"7":{"Display":"7<br>Describes Adam extremely well"}},"AnswerOrder":["1","2","3","4","5","6","7"],"ChoiceDataExportTags":false,"QuestionID":"QID102"}},{"SurveyID":"SV_1XHvCtZIHoIwNxQ","Element":"SQ","PrimaryAttribute":"QID103","SecondaryAttribute":"In your own words, describe how you feel about Adam and why.","TertiaryAttribute":null,"Payload":{"QuestionText":"In your own words, describe how you feel about Adam and why.","DefaultChoices":false,"DataExportTag":"OpenEnded1","QuestionType":"TE","Selector":"ML","DataVisibility":{"Private":false,"Hidden":false},"Configuration":{"QuestionDescriptionOption":"UseText","InputWidth":593,"InputHeight":195},"QuestionDescription":"In your own words, describe how you feel about Adam and why.","Validation":{"Settings":{"ForceResponse":"RequestResponse","ForceResponseType":"RequestResponse","Type":"None"}},"GradingData":[],"Language":[],"NextChoiceId":4,"NextAnswerId":1,"SearchSource":{"AllowFreeResponse":"false"},"QuestionID":"QID103"}},{"SurveyID":"SV_1XHvCtZIHoIwNxQ","Element":"SQ","PrimaryAttribute":"QID104","SecondaryAttribute":"Please answer the following questions about Adam and the love letter.","TertiaryAttribute":null,"Payload":{"QuestionText":"Please answer the following questions about Adam and the love letter.","DefaultChoices":false,"DataExportTag":"Intro4","QuestionType":"DB","Selector":"TB","DataVisibility":{"Private":false,"Hidden":false},"Configuration":{"QuestionDescriptionOption":"UseText"},"QuestionDescription":"Please answer the following questions about Adam and the love letter.","ChoiceOrder":[],"Validation":{"Settings":{"Type":"None"}},"GradingData":[],"Language":[],"NextChoiceId":4,"NextAnswerId":1,"QuestionID":"QID104"}},{"SurveyID":"SV_1XHvCtZIHoIwNxQ","Element":"SQ","PrimaryAttribute":"QID105","SecondaryAttribute":"Remember, Adam wrote the love letter by himself.","TertiaryAttribute":null,"Payload":{"QuestionText":"Remember, <u>Adam wrote the love letter by himself<\/u>.<br><br><hr>","DefaultChoices":false,"DataExportTag":"Reminder4_Control","QuestionType":"DB","Selector":"TB","DataVisibility":{"Private":false,"Hidden":false},"Configuration":{"QuestionDescriptionOption":"UseText"},"QuestionDescription":"Remember, Adam wrote the love letter by himself.","DisplayLogic":{"0":{"0":{"LogicType":"EmbeddedField","LeftOperand":"Treatment","Operator":"EqualTo","RightOperand":"Control","Type":"Expression","Description":"<span class=\"ConjDesc\">If<\/span> <span class=\"LeftOpDesc\">Treatment<\/span> <span class=\"OpDesc\">Is Equal to<\/span> <span class=\"RightOpDesc\"> Control <\/span>"},"Type":"If"},"Type":"BooleanExpression","inPage":false},"ChoiceOrder":[],"Validation":{"Settings":{"Type":"None"}},"GradingData":[],"Language":[],"NextChoiceId":4,"NextAnswerId":1,"QuestionID":"QID105"}},{"SurveyID":"SV_1XHvCtZIHoIwNxQ","Element":"SQ","PrimaryAttribute":"QID106","SecondaryAttribute":"Remember, Adam asked ChatGPT to provide ideas, inspiration, and feedback. He edited and rewrote t...","TertiaryAttribute":null,"Payload":{"QuestionText":"Remember, <u>Adam asked ChatGPT to provide ideas, inspiration, and feedback. He edited and rewrote the suggestions and finished writing the love letter himself.<\/u><br><br><hr>","DefaultChoices":false,"DataExportTag":"Reminder4_Tool","QuestionType":"DB","Selector":"TB","DataVisibility":{"Private":false,"Hidden":false},"Configuration":{"QuestionDescriptionOption":"UseText"},"QuestionDescription":"Remember, Adam asked ChatGPT to provide ideas, inspiration, and feedback. He edited and rewrote t...","DisplayLogic":{"0":{"0":{"LogicType":"EmbeddedField","LeftOperand":"Treatment","Operator":"EqualTo","RightOperand":"Tool","Type":"Expression","Description":"<span class=\"ConjDesc\">If<\/span> <span class=\"LeftOpDesc\">Treatment<\/span> <span class=\"OpDesc\">Is Equal to<\/span> <span class=\"RightOpDesc\"> Tool <\/span>"},"Type":"If"},"Type":"BooleanExpression","inPage":false},"ChoiceOrder":[],"Validation":{"Settings":{"Type":"None"}},"GradingData":[],"Language":[],"NextChoiceId":4,"NextAnswerId":1,"QuestionID":"QID106"}},{"SurveyID":"SV_1XHvCtZIHoIwNxQ","Element":"SQ","PrimaryAttribute":"QID107","SecondaryAttribute":"Remember, Adam asked ChatGPT to write the love letter. He copied the output word-for-word, rather...","TertiaryAttribute":null,"Payload":{"QuestionText":"Remember, <u>Adam asked ChatGPT to write the love letter. He copied the output word-for-word, rather than writing the love letter himself.<\/u><br><br><hr>","DefaultChoices":false,"DataExportTag":"Reminder4_Full","QuestionType":"DB","Selector":"TB","DataVisibility":{"Private":false,"Hidden":false},"Configuration":{"QuestionDescriptionOption":"UseText"},"QuestionDescription":"Remember, Adam asked ChatGPT to write the love letter. He copied the output word-for-word, rather...","DisplayLogic":{"0":{"0":{"LogicType":"EmbeddedField","LeftOperand":"Treatment","Operator":"EqualTo","RightOperand":"Full","Type":"Expression","Description":"<span class=\"ConjDesc\">If<\/span> <span class=\"LeftOpDesc\">Treatment<\/span> <span class=\"OpDesc\">Is Equal to<\/span> <span class=\"RightOpDesc\"> Full <\/span>"},"Type":"If"},"Type":"BooleanExpression","inPage":false},"ChoiceOrder":[],"Validation":{"Settings":{"Type":"None"}},"GradingData":[],"Language":[],"NextChoiceId":4,"NextAnswerId":1,"QuestionID":"QID107"}},{"SurveyID":"SV_1XHvCtZIHoIwNxQ","Element":"SQ","PrimaryAttribute":"QID108","SecondaryAttribute":"In your own words, explain how you would feel if you were Adam's partner.","TertiaryAttribute":null,"Payload":{"QuestionText":"In your own words, explain how you would feel if you were Adam's partner.","DefaultChoices":false,"DataExportTag":"OpenEnded2","QuestionType":"TE","Selector":"ML","DataVisibility":{"Private":false,"Hidden":false},"Configuration":{"QuestionDescriptionOption":"UseText","InputWidth":593,"InputHeight":195},"QuestionDescription":"In your own words, explain how you would feel if you were Adam's partner.","Validation":{"Settings":{"ForceResponse":"RequestResponse","ForceResponseType":"RequestResponse","Type":"None"}},"GradingData":[],"Language":[],"NextChoiceId":4,"NextAnswerId":1,"SearchSource":{"AllowFreeResponse":"false"},"QuestionID":"QID108"}},{"SurveyID":"SV_1XHvCtZIHoIwNxQ","Element":"SQ","PrimaryAttribute":"QID13","SecondaryAttribute":"What is your Prolific ID? Please note that this response should auto-fill with the correct ID.","TertiaryAttribute":null,"Payload":{"Configuration":{"InputHeight":28,"InputWidth":258,"QuestionDescriptionOption":"UseText"},"DataExportTag":"ProlificID","DataVisibility":{"Hidden":false,"Private":false},"DefaultChoices":{"TEXT":{"Text":"${e:\/\/Field\/PROLIFIC_PID}"}},"GradingData":[],"Language":[],"NextAnswerId":1,"NextChoiceId":4,"QuestionDescription":"What is your Prolific ID? Please note that this response should auto-fill with the correct ID.","QuestionID":"QID13","QuestionText":"What is your Prolific ID? Please note that this response should auto-fill with the correct ID.","QuestionText_Unsafe":"What is your Prolific ID? Please note that this response should auto-fill with the correct ID.","QuestionType":"TE","SearchSource":{"AllowFreeResponse":"false"},"Selector":"SL","Validation":{"Settings":{"ForceResponse":"ON","ForceResponseType":"ON","MinChars":"4","Type":"None"}}}},{"SurveyID":"SV_1XHvCtZIHoIwNxQ","Element":"SQ","PrimaryAttribute":"QID14","SecondaryAttribute":"Timing","TertiaryAttribute":null,"Payload":{"Choices":{"1":{"Display":"First Click"},"2":{"Display":"Last Click"},"3":{"Display":"Page Submit"},"4":{"Display":"Click Count"}},"Configuration":{"MaxSeconds":"0","MinSeconds":"0","QuestionDescriptionOption":"UseText"},"DataExportTag":"ProlificID_Timer","DataVisibility":{"Hidden":false,"Private":false},"DefaultChoices":false,"GradingData":[],"Language":[],"NextAnswerId":1,"NextChoiceId":24,"QuestionDescription":"Timing","QuestionID":"QID14","QuestionText":"Timing","QuestionText_Unsafe":"Timing","QuestionType":"Timing","Selector":"PageTimer"}},{"SurveyID":"SV_1XHvCtZIHoIwNxQ","Element":"SQ","PrimaryAttribute":"QID15","SecondaryAttribute":"Who is organising this study? The study is organised by the School of Psychology at the Universit...","TertiaryAttribute":null,"Payload":{"ChoiceOrder":[],"Configuration":{"QuestionDescriptionOption":"UseText"},"DataExportTag":"Consent_Information","DataVisibility":{"Hidden":false,"Private":false},"DefaultChoices":false,"GradingData":[],"Language":[],"NextAnswerId":1,"NextChoiceId":4,"QuestionDescription":"Who is organising this study? The study is organised by the School of Psychology at the Universit...","QuestionID":"QID15","QuestionText":"<b>Who is organising this study?<\/b><br>\n<br>\nThe study is organised by the School of Psychology at the University of Kent. The researchers are Scott Claessens and Jim Everett.<br>\n<br>\n<b>What will I need to do?<\/b><br>\n<br>\nParticipation in this study will involve reading a short scenario and answering some questions.&nbsp;Please use a desktop computer, laptop, or tablet to complete the survey.<br>\n<br>\n<b>Is the study likely to cause any discomfort or anxiety?<\/b><br>\n<br>\nWe expect the survey to cause no greater harm than would typically be experienced in everyday life. We will not ask you about subjects that are likely to be sensitive (e.g., negative memories, sexual preferences).<br>\n<br>\n<b>What happens if I wish to end the study early?<\/b><br>\n<br>\nYou are free to leave the study at any point for any reason. No negative consequences or penalties will be incurred.<br>\n<br>\n<b>Are my responses anonymous?<\/b><br>\n<br>\nAll responses are fully anonymous and your answers are strictly confidential. No details will be disclosed from which your identity could be traced back.<br>\n<br>\n<b>What happens to the information I provide?<\/b><br>\n<br>\nInformation generated from this study may be published. In this case, only broad trends will be reported. A summary of the results will be available from the researchers on request. Your responses (fully anonymous) will be used by the research team, and may be shared with other researchers, or made available in an online data repository.<br>\n<br>\n<b>Contacts for further information<\/b><br>\n<br>\nIf you have any questions about the research or survey, please feel free to contact the researchers at:<br>\n<br>\nScott Claessens (s.claessens@kent.ac.uk)<br>\nJim Everett (j.a.c.everett@kent.ac.uk)<br>\n<br>\nIf you would like to withdraw your data from the study, please contact the researchers with 48 hours of your participation. Please note that once your data have been anonymised for analysis, it cannot be withdrawn.<br>\n<br>\nIf you have any serious concerns about the ethical conduct of this study, please inform the Chair of the Psychology Research Ethics Panel (psychethics@kent.ac.uk) in writing, providing a detailed account of your concern.\n<br>\n<br>\n<hr>\n<br>","QuestionText_Unsafe":"<b><u>Information about this study<\/u><\/b><br><br><b>Project Title:<\/b> Responses to Moral Scenarios<br><b>Researcher:<\/b> Dr. Scott Claessens (University of Kent)<br><b>Principal Investigator:<\/b> Dr. Jim Everett (University of Kent)<br><br>We need your help! This study examines people\u2019s responses to a variety of moral scenarios. Participation in this study involves reading some brief descriptions of moral scenarios and answering some questions about your views.<br><br>The study will take approximately 10 minutes and participation is open to anyone residing in the United Kingdom who is at least 18 years old. You are free to decline to participate, to end participation at any time for any reason, or to refuse to answer any individual question without penalty or loss of compensation.<br><br>We do not expect that the survey will expose you to any risk of psychological harm greater than you would encounter in everyday life. The survey is anonymous, and answers cannot be traced to single participants. The results of the survey may be made public, or its data made accessible in an open data repository, but data in which individuals can be identified will under no circumstances be publicized. Personal data will be processed in accordance with the EU General Data Protection Regulation and the UK Data Protection Act (2018). We do not collect any identifying information, and so it will not be possible to remove your data at a later date after you have completed the survey. Once you have completed the survey, if you do wish to withdraw your data, please indicate this on the last page \u2013 this will be the only chance to remove data.<br><br>Should you have any questions about the survey, do not hesitate to contact the lead researcher at j.a.c.everett@kent.ac.uk. Should you have comments or complaints because of this study, you can direct them to the chair of the Ethics Committee of Kent School of Psychology via psychethics@kent.ac.uk.","QuestionType":"DB","Selector":"TB","Validation":{"Settings":{"Type":"None"}}}},{"SurveyID":"SV_1XHvCtZIHoIwNxQ","Element":"SQ","PrimaryAttribute":"QID16","SecondaryAttribute":"Please read the following statements and, if you agree, click \"Yes I agree\" below. I have read an...","TertiaryAttribute":null,"Payload":{"ChoiceOrder":[1,2],"Choices":{"1":{"Display":"Yes, I agree. Take me to the study."},"2":{"Display":"No, I do not agree."}},"Configuration":{"QuestionDescriptionOption":"UseText"},"DataExportTag":"Consent","DataVisibility":{"Hidden":false,"Private":false},"DefaultChoices":false,"GradingData":[],"Language":[],"NextAnswerId":1,"NextChoiceId":3,"QuestionDescription":"Please read the following statements and, if you agree, click \"Yes I agree\" below. I have read an...","QuestionID":"QID16","QuestionText":"Please read the following statements and, if you agree, click &quot;Yes I agree&quot; below.<br \/>\n<ul>\n\t<li>I have read and understand the information above.<\/li>\n\t<li>I am at least 18 years old.<\/li>\n\t<li>I understand that my participation is voluntary and that I am free to withdraw at any time without giving any reason.<\/li>\n\t<li>I understand that my data will be treated confidentially and any publication resulting from this work will report only data that does not identify me. My anonymised responses, however, may be shared with other researchers or be made available in online data repositories.<\/li>\n\t<li>I freely decide to take part in this study.<\/li>\n<\/ul>","QuestionText_Unsafe":"Do you agree to participate in this study having read and understood the consent form above?","QuestionType":"MC","Selector":"SAVR","SubSelector":"TX","Validation":{"Settings":{"ForceResponse":"ON","ForceResponseType":"ON","Type":"None"}}}},{"SurveyID":"SV_1XHvCtZIHoIwNxQ","Element":"SQ","PrimaryAttribute":"QID17","SecondaryAttribute":"Timing","TertiaryAttribute":null,"Payload":{"Choices":{"1":{"Display":"First Click"},"2":{"Display":"Last Click"},"3":{"Display":"Page Submit"},"4":{"Display":"Click Count"}},"Configuration":{"MaxSeconds":"0","MinSeconds":"0","QuestionDescriptionOption":"UseText"},"DataExportTag":"Consent_Timer","DataVisibility":{"Hidden":false,"Private":false},"DefaultChoices":false,"GradingData":[],"Language":[],"NextAnswerId":1,"NextChoiceId":24,"QuestionDescription":"Timing","QuestionID":"QID17","QuestionText":"Timing","QuestionText_Unsafe":"Timing","QuestionType":"Timing","Selector":"PageTimer"}},{"SurveyID":"SV_1XHvCtZIHoIwNxQ","Element":"SQ","PrimaryAttribute":"QID18","SecondaryAttribute":"In studies like ours, there are sometimes a few people who do not carefully read the questions th...","TertiaryAttribute":null,"Payload":{"ChoiceOrder":[],"Configuration":{"QuestionDescriptionOption":"UseText"},"DataExportTag":"Attention_Text","DataVisibility":{"Hidden":false,"Private":false},"DefaultChoices":false,"GradingData":[],"Language":[],"NextAnswerId":1,"NextChoiceId":4,"QuestionDescription":"In studies like ours, there are sometimes a few people who do not carefully read the questions th...","QuestionID":"QID18","QuestionText":"In studies like ours, there are sometimes a few people who do not carefully read the questions they are asked and just \"quickly click through the survey.\" These random answers are problematic because they compromise the results of the studies. It is very important that you pay attention and read each question. In order to show that you read our questions carefully (and regardless of your own opinion), please answer \"TikTok\" in the question on the next page.","QuestionText_Unsafe":"In studies like ours, there are sometimes a few people who do not carefully read the questions they are asked and just \"quickly click through the survey.\" These random answers are problematic because they compromise the results of the studies. It is very important that you pay attention and read each question. In order to show that you read our questions carefully (and regardless of your own opinion), please answer \"TikTok\" in the question on the next page.","QuestionType":"DB","Selector":"TB","Validation":{"Settings":{"Type":"None"}}}},{"SurveyID":"SV_1XHvCtZIHoIwNxQ","Element":"SQ","PrimaryAttribute":"QID19","SecondaryAttribute":"Timing","TertiaryAttribute":null,"Payload":{"Choices":{"1":{"Display":"First Click"},"2":{"Display":"Last Click"},"3":{"Display":"Page Submit"},"4":{"Display":"Click Count"}},"Configuration":{"MaxSeconds":"0","MinSeconds":"0","QuestionDescriptionOption":"UseText"},"DataExportTag":"Attention_Timer1","DataVisibility":{"Hidden":false,"Private":false},"DefaultChoices":false,"GradingData":[],"Language":[],"NextAnswerId":1,"NextChoiceId":36,"QuestionDescription":"Timing","QuestionID":"QID19","QuestionText":"Timing","QuestionText_Unsafe":"Timing","QuestionType":"Timing","Selector":"PageTimer"}},{"SurveyID":"SV_1XHvCtZIHoIwNxQ","Element":"SQ","PrimaryAttribute":"QID20","SecondaryAttribute":"When an important event is happening or is about to happen, many people try to get informed about...","TertiaryAttribute":null,"Payload":{"ChoiceOrder":[1,2,3,4,5,6,7,8,9],"Choices":{"1":{"Display":"TV"},"2":{"Display":"Twitter"},"3":{"Display":"Radio"},"4":{"Display":"Facebook"},"5":{"Display":"YouTube"},"6":{"Display":"Newspapers"},"7":{"Display":"Reddit"},"8":{"Display":"TikTok"},"9":{"Display":"Other"}},"Configuration":{"QuestionDescriptionOption":"UseText"},"DataExportTag":"Attention_Check","DataVisibility":{"Hidden":false,"Private":false},"DefaultChoices":false,"GradingData":[],"Language":[],"NextAnswerId":1,"NextChoiceId":10,"QuestionDescription":"When an important event is happening or is about to happen, many people try to get informed about...","QuestionID":"QID20","QuestionText":"When an important event is happening or is about to happen, many people try to get informed about the development of the situation. In such situations, where do you get your information from?","QuestionText_Unsafe":"When an important event is happening or is about to happen, many people try to get informed about the development of the situation. In such situations, where do you get your information from?","QuestionType":"MC","Randomization":{"Advanced":{"FixedOrder":["{~Randomized~}","{~Randomized~}","{~Randomized~}","{~Randomized~}","{~Randomized~}","{~Randomized~}","{~Randomized~}","{~Randomized~}","9"],"RandomSubSet":[],"RandomizeAll":["2","1","3","4","5","6","7","8"],"ScaleReversal":[],"TotalRandSubset":0,"Undisplayed":[]},"ConsistentScaleReversal":false,"EvenPresentation":false,"TotalRandSubset":"","Type":"Advanced"},"Selector":"SAVR","SubSelector":"TX","Validation":{"Settings":{"ForceResponse":"RequestResponse","ForceResponseType":"RequestResponse","Type":"None"}}}},{"SurveyID":"SV_1XHvCtZIHoIwNxQ","Element":"SQ","PrimaryAttribute":"QID21","SecondaryAttribute":"Timing","TertiaryAttribute":null,"Payload":{"Choices":{"1":{"Display":"First Click"},"2":{"Display":"Last Click"},"3":{"Display":"Page Submit"},"4":{"Display":"Click Count"}},"Configuration":{"MaxSeconds":"0","MinSeconds":"0","QuestionDescriptionOption":"UseText"},"DataExportTag":"Attention_Timer2","DataVisibility":{"Hidden":false,"Private":false},"DefaultChoices":false,"GradingData":[],"Language":[],"NextAnswerId":1,"NextChoiceId":52,"QuestionDescription":"Timing","QuestionID":"QID21","QuestionText":"Timing","QuestionText_Unsafe":"Timing","QuestionType":"Timing","Selector":"PageTimer"}},{"SurveyID":"SV_1XHvCtZIHoIwNxQ","Element":"SQ","PrimaryAttribute":"QID22","SecondaryAttribute":"Thank you for your participation in this study. In this study, we were interested in how people e...","TertiaryAttribute":null,"Payload":{"ChoiceOrder":[],"Configuration":{"QuestionDescriptionOption":"UseText"},"DataExportTag":"Debrief_Text","DataVisibility":{"Hidden":false,"Private":false},"DefaultChoices":false,"GradingData":[],"Language":[],"NextAnswerId":1,"NextChoiceId":4,"QuestionDescription":"Thank you for your participation in this study. In this study, we were interested in how people e...","QuestionID":"QID22","QuestionText":"Thank you for your participation in this study.<br><br>In this study, we were interested in how people evaluate individuals who outsource different tasks to AI.<br><br>Should you have any questions about the survey, do not hesitate to contact the head researcher at j.a.c.everett@kent.ac.uk. If you have any concerns about the ethical conduct of this study, please email psychethics@kent.ac.uk with a description of your concerns.<br>","QuestionText_Unsafe":"You have completed the study. Thank you for your participation!<br><br>In this study, we were interested in people's responses to different moral dilemmas. You saw two dilemmas that were randomly drawn from a larger set. Your responses will be very useful for our future research.<br><br>Should you have any questions about the survey, do not hesitate to contact the lead researcher at j.a.c.everett@kent.ac.uk. If you have any concerns about the ethical conduct of this study, please email psychethics@kent.ac.uk with a description of your concerns.<br>","QuestionType":"DB","Selector":"TB","Validation":{"Settings":{"Type":"None"}}}},{"SurveyID":"SV_1XHvCtZIHoIwNxQ","Element":"SQ","PrimaryAttribute":"QID25","SecondaryAttribute":"Timing","TertiaryAttribute":null,"Payload":{"Choices":{"1":{"Display":"First Click"},"2":{"Display":"Last Click"},"3":{"Display":"Page Submit"},"4":{"Display":"Click Count"}},"Configuration":{"MaxSeconds":"0","MinSeconds":"0","QuestionDescriptionOption":"UseText"},"DataExportTag":"Debrief_Timer","DataVisibility":{"Hidden":false,"Private":false},"DefaultChoices":false,"GradingData":[],"Language":[],"NextAnswerId":1,"NextChoiceId":24,"QuestionDescription":"Timing","QuestionID":"QID25","QuestionText":"Timing","QuestionText_Unsafe":"Timing","QuestionType":"Timing","Selector":"PageTimer"}},{"SurveyID":"SV_1XHvCtZIHoIwNxQ","Element":"SQ","PrimaryAttribute":"QID26","SecondaryAttribute":"Please first confirm that you are human.","TertiaryAttribute":null,"Payload":{"ChoiceOrder":[],"Configuration":{"QuestionDescriptionOption":"UseText"},"DataExportTag":"Captcha_Text","DataVisibility":{"Hidden":false,"Private":false},"DefaultChoices":false,"GradingData":[],"Language":[],"NextAnswerId":1,"NextChoiceId":4,"QuestionDescription":"Please first confirm that you are human.","QuestionID":"QID26","QuestionText":"Please first confirm that you are human.","QuestionText_Unsafe":"Please first confirm that you are human.","QuestionType":"DB","Selector":"TB","Validation":{"Settings":{"Type":"None"}},"QuestionJS":false}},{"SurveyID":"SV_1XHvCtZIHoIwNxQ","Element":"SQ","PrimaryAttribute":"QID27","SecondaryAttribute":" ","TertiaryAttribute":null,"Payload":{"Configuration":{"Align":"center","QuestionDescriptionOption":"UseText","Theme":"light"},"DataExportTag":"Captcha","DataVisibility":{"Hidden":false,"Private":false},"DefaultChoices":false,"GradingData":[],"Language":[],"NextAnswerId":1,"NextChoiceId":4,"QuestionDescription":" ","QuestionID":"QID27","QuestionText":"<span style=\"display:none\"><\/span>","QuestionText_Unsafe":"<span style=\"display:none\"><\/span>","QuestionType":"Captcha","Selector":"V2"}},{"SurveyID":"SV_1XHvCtZIHoIwNxQ","Element":"SQ","PrimaryAttribute":"QID28","SecondaryAttribute":"Timing","TertiaryAttribute":null,"Payload":{"Choices":{"1":{"Display":"First Click"},"2":{"Display":"Last Click"},"3":{"Display":"Page Submit"},"4":{"Display":"Click Count"}},"Configuration":{"MaxSeconds":"0","MinSeconds":"0","QuestionDescriptionOption":"UseText"},"DataExportTag":"Captcha_Timer","DataVisibility":{"Hidden":false,"Private":false},"DefaultChoices":false,"GradingData":[],"Language":[],"NextAnswerId":1,"NextChoiceId":24,"QuestionDescription":"Timing","QuestionID":"QID28","QuestionText":"Timing","QuestionText_Unsafe":"Timing","QuestionType":"Timing","Selector":"PageTimer"}},{"SurveyID":"SV_1XHvCtZIHoIwNxQ","Element":"SQ","PrimaryAttribute":"QID30","SecondaryAttribute":"Do you have any remarks or comments about today's study?","TertiaryAttribute":null,"Payload":{"QuestionText":"Do you have any remarks or comments about today's study?","DefaultChoices":false,"DataExportTag":"Debrief_OpenEnded","QuestionID":"QID30","QuestionType":"TE","Selector":"ML","DataVisibility":{"Private":false,"Hidden":false},"Configuration":{"QuestionDescriptionOption":"UseText","InputWidth":610,"InputHeight":166},"QuestionDescription":"Do you have any remarks or comments about today's study?","Validation":{"Settings":{"ForceResponse":"OFF","Type":"None"}},"GradingData":[],"Language":[],"NextChoiceId":4,"NextAnswerId":1,"SearchSource":{"AllowFreeResponse":"false"}}},{"SurveyID":"SV_1XHvCtZIHoIwNxQ","Element":"SQ","PrimaryAttribute":"QID42","SecondaryAttribute":"Before we begin, please answer some questions about yourself.","TertiaryAttribute":null,"Payload":{"QuestionText":"Before we begin, please answer some questions about yourself.","DefaultChoices":false,"DataExportTag":"Demographics_Text","QuestionType":"DB","Selector":"TB","DataVisibility":{"Private":false,"Hidden":false},"Configuration":{"QuestionDescriptionOption":"UseText"},"QuestionDescription":"Before we begin, please answer some questions about yourself.","ChoiceOrder":[],"Validation":{"Settings":{"Type":"None"}},"GradingData":[],"Language":[],"NextChoiceId":4,"NextAnswerId":1,"QuestionID":"QID42"}},{"SurveyID":"SV_1XHvCtZIHoIwNxQ","Element":"SQ","PrimaryAttribute":"QID43","SecondaryAttribute":"How old are you?","TertiaryAttribute":null,"Payload":{"QuestionText":"How old are you?","DefaultChoices":false,"DataExportTag":"Demographics_Age","QuestionID":"QID43","QuestionType":"TE","Selector":"SL","DataVisibility":{"Private":false,"Hidden":false},"Configuration":{"QuestionDescriptionOption":"UseText","InputWidth":68,"InputHeight":29},"QuestionDescription":"How old are you?","Validation":{"Settings":{"ForceResponse":"RequestResponse","ForceResponseType":"RequestResponse","Type":"ContentType","MinChars":"1","ContentType":"ValidNumber","ValidDateType":"DateWithFormat","ValidPhoneType":"ValidUSPhone","ValidZipType":"ValidUSZip","ValidNumber":{"Min":"18","Max":"120","NumDecimals":"0"}}},"GradingData":[],"Language":[],"NextChoiceId":4,"NextAnswerId":1,"SearchSource":{"AllowFreeResponse":"false"}}},{"SurveyID":"SV_1XHvCtZIHoIwNxQ","Element":"SQ","PrimaryAttribute":"QID44","SecondaryAttribute":"How do you describe yourself?","TertiaryAttribute":null,"Payload":{"QuestionText":"How do you describe yourself?","DefaultChoices":false,"DataExportTag":"Demographics_Gender","QuestionType":"MC","Selector":"SAVR","SubSelector":"TX","DataVisibility":{"Private":false,"Hidden":false},"Configuration":{"QuestionDescriptionOption":"UseText"},"QuestionDescription":"How do you describe yourself?","Choices":{"1":{"Display":"Male"},"2":{"Display":"Female"},"3":{"Display":"Non-binary \/ third gender"},"4":{"Display":"Prefer to self-describe","TextEntry":"true"},"5":{"Display":"Prefer not to say"}},"ChoiceOrder":["1","2","3","4","5"],"Validation":{"Settings":{"ForceResponse":"RequestResponse","ForceResponseType":"RequestResponse","Type":"None"}},"GradingData":[],"Language":[],"NextChoiceId":6,"NextAnswerId":1,"QuestionID":"QID44"}},{"SurveyID":"SV_1XHvCtZIHoIwNxQ","Element":"SQ","PrimaryAttribute":"QID45","SecondaryAttribute":"Timing","TertiaryAttribute":null,"Payload":{"QuestionText":"Timing","DefaultChoices":false,"DataExportTag":"Demographics_Timer","QuestionType":"Timing","Selector":"PageTimer","DataVisibility":{"Private":false,"Hidden":false},"Configuration":{"QuestionDescriptionOption":"UseText","MinSeconds":"0","MaxSeconds":"0"},"QuestionDescription":"Timing","Choices":{"1":{"Display":"First Click"},"2":{"Display":"Last Click"},"3":{"Display":"Page Submit"},"4":{"Display":"Click Count"}},"GradingData":[],"Language":[],"NextChoiceId":20,"NextAnswerId":1,"QuestionID":"QID45"}},{"SurveyID":"SV_1XHvCtZIHoIwNxQ","Element":"SQ","PrimaryAttribute":"QID46","SecondaryAttribute":"Welcome to the study! In this study, you will answer some questions about another person. On the...","TertiaryAttribute":null,"Payload":{"QuestionText":"<b>Welcome to the study!<\/b><br><br>In this study, you will answer some questions about another person.<br><br>On the next page, we will give you information about the person. Please read the information carefully, as we will ask you questions about this information.<br><br>Click Next to proceed.","DefaultChoices":false,"DataExportTag":"Introduction","QuestionType":"DB","Selector":"TB","DataVisibility":{"Private":false,"Hidden":false},"Configuration":{"QuestionDescriptionOption":"UseText"},"QuestionDescription":"Welcome to the study! In this study, you will answer some questions about another person. On the...","ChoiceOrder":[],"Validation":{"Settings":{"Type":"None"}},"GradingData":[],"Language":[],"NextChoiceId":4,"NextAnswerId":1,"QuestionID":"QID46"}},{"SurveyID":"SV_1XHvCtZIHoIwNxQ","Element":"SQ","PrimaryAttribute":"QID49","SecondaryAttribute":"Timing","TertiaryAttribute":null,"Payload":{"QuestionText":"Timing","DefaultChoices":false,"DataExportTag":"Intro_Timer","QuestionType":"Timing","Selector":"PageTimer","DataVisibility":{"Private":false,"Hidden":false},"Configuration":{"QuestionDescriptionOption":"UseText","MinSeconds":"0","MaxSeconds":"0"},"QuestionDescription":"Timing","Choices":{"1":{"Display":"First Click"},"2":{"Display":"Last Click"},"3":{"Display":"Page Submit"},"4":{"Display":"Click Count"}},"GradingData":[],"Language":[],"NextChoiceId":32,"NextAnswerId":1,"QuestionID":"QID49"}},{"SurveyID":"SV_1XHvCtZIHoIwNxQ","Element":"SQ","PrimaryAttribute":"QID57","SecondaryAttribute":"Thank you. Finally, please answer a few questions about your experiences with \"large language mod...","TertiaryAttribute":null,"Payload":{"QuestionText":"Thank you. Finally, please answer a few questions about your experiences with \"large language model\" conversational AI tools like <b>ChatGPT<\/b>.","DefaultChoices":false,"DataExportTag":"ChatGPT_Intro","QuestionType":"DB","Selector":"TB","DataVisibility":{"Private":false,"Hidden":false},"Configuration":{"QuestionDescriptionOption":"UseText"},"QuestionDescription":"Thank you. Finally, please answer a few questions about your experiences with \"large language mod...","ChoiceOrder":[],"Validation":{"Settings":{"Type":"None"}},"GradingData":[],"Language":[],"NextChoiceId":4,"NextAnswerId":1,"QuestionID":"QID57"}},{"SurveyID":"SV_1XHvCtZIHoIwNxQ","Element":"SQ","PrimaryAttribute":"QID58","SecondaryAttribute":"How familiar are you with AI tools like ChatGPT?","TertiaryAttribute":null,"Payload":{"QuestionText":"How <b>familiar<\/b> are you with AI tools like ChatGPT?","DefaultChoices":false,"DataExportTag":"ChatGPT_Familiarity","QuestionType":"MC","Selector":"SAHR","SubSelector":"TX","DataVisibility":{"Private":false,"Hidden":false},"Configuration":{"QuestionDescriptionOption":"UseText","LabelPosition":"BELOW"},"QuestionDescription":"How familiar are you with AI tools like ChatGPT?","Choices":{"1":{"Display":"1<br>Extremely unfamiliar"},"2":{"Display":"2"},"3":{"Display":"3"},"4":{"Display":"4"},"5":{"Display":"5"},"6":{"Display":"6"},"7":{"Display":"7<br>Extremely familiar"}},"ChoiceOrder":["1","2","3","4","5","6","7"],"Validation":{"Settings":{"ForceResponse":"RequestResponse","ForceResponseType":"RequestResponse","Type":"None"}},"GradingData":[],"Language":[],"NextChoiceId":8,"NextAnswerId":1,"QuestionID":"QID58"}},{"SurveyID":"SV_1XHvCtZIHoIwNxQ","Element":"SQ","PrimaryAttribute":"QID59","SecondaryAttribute":"Have you ever\u00a0used\u00a0AI tools like ChatGPT before?","TertiaryAttribute":null,"Payload":{"QuestionText":"Have you ever&nbsp;<b>used<\/b>&nbsp;AI tools like ChatGPT before?","DefaultChoices":false,"DataExportTag":"ChatGPT_Used","QuestionType":"MC","Selector":"SAVR","SubSelector":"TX","DataVisibility":{"Private":false,"Hidden":false},"Configuration":{"QuestionDescriptionOption":"UseText"},"QuestionDescription":"Have you ever\u00a0used\u00a0AI tools like ChatGPT before?","Choices":{"1":{"Display":"Yes"},"2":{"Display":"No"}},"ChoiceOrder":["1","2"],"Validation":{"Settings":{"ForceResponse":"RequestResponse","ForceResponseType":"RequestResponse","Type":"None"}},"GradingData":[],"Language":[],"NextChoiceId":4,"NextAnswerId":1,"QuestionID":"QID59"}},{"SurveyID":"SV_1XHvCtZIHoIwNxQ","Element":"SQ","PrimaryAttribute":"QID60","SecondaryAttribute":"How frequently do you use AI tools like ChatGPT?","TertiaryAttribute":null,"Payload":{"QuestionText":"How <b>frequently<\/b> do you use AI tools like ChatGPT?","DefaultChoices":false,"DataExportTag":"ChatGPT_Frequency","QuestionType":"MC","Selector":"SAHR","SubSelector":"TX","DataVisibility":{"Private":false,"Hidden":false},"Configuration":{"QuestionDescriptionOption":"UseText","LabelPosition":"BELOW"},"QuestionDescription":"How frequently do you use AI tools like ChatGPT?","Choices":{"1":{"Display":"1<br>Never"},"2":{"Display":"2<br>Rarely"},"3":{"Display":"3<br>Occasionally"},"4":{"Display":"4<br>Frequently"},"5":{"Display":"5<br>Very frequently"}},"ChoiceOrder":["1","2","3","4","5"],"Validation":{"Settings":{"ForceResponse":"RequestResponse","ForceResponseType":"RequestResponse","Type":"None"}},"GradingData":[],"Language":[],"NextChoiceId":8,"NextAnswerId":1,"QuestionID":"QID60"}},{"SurveyID":"SV_1XHvCtZIHoIwNxQ","Element":"SQ","PrimaryAttribute":"QID61","SecondaryAttribute":"How trustworthy do you think AI tools like ChatGPT are?","TertiaryAttribute":null,"Payload":{"QuestionText":"How <b>trustworthy<\/b> do you think AI tools like ChatGPT are?","DefaultChoices":false,"DataExportTag":"ChatGPT_Trust","QuestionType":"MC","Selector":"SAHR","SubSelector":"TX","DataVisibility":{"Private":false,"Hidden":false},"Configuration":{"QuestionDescriptionOption":"UseText","LabelPosition":"BELOW"},"QuestionDescription":"How trustworthy do you think AI tools like ChatGPT are?","Choices":{"1":{"Display":"1<br>Extremely untrustworthy"},"2":{"Display":"2"},"3":{"Display":"3"},"4":{"Display":"4"},"5":{"Display":"5"},"6":{"Display":"6"},"7":{"Display":"7<br>Extremely trustworthy"}},"ChoiceOrder":["1","2","3","4","5","6","7"],"Validation":{"Settings":{"ForceResponse":"RequestResponse","ForceResponseType":"RequestResponse","Type":"None"}},"GradingData":[],"Language":[],"NextChoiceId":8,"NextAnswerId":1,"QuestionID":"QID61"}},{"SurveyID":"SV_1XHvCtZIHoIwNxQ","Element":"SQ","PrimaryAttribute":"QID66","SecondaryAttribute":"Timing","TertiaryAttribute":null,"Payload":{"QuestionText":"Timing","DefaultChoices":false,"DataExportTag":"ChatGPT_Timer","QuestionType":"Timing","Selector":"PageTimer","DataVisibility":{"Private":false,"Hidden":false},"Configuration":{"QuestionDescriptionOption":"UseText","MinSeconds":"0","MaxSeconds":"0"},"QuestionDescription":"Timing","Choices":{"1":{"Display":"First Click"},"2":{"Display":"Last Click"},"3":{"Display":"Page Submit"},"4":{"Display":"Click Count"}},"GradingData":[],"Language":[],"NextChoiceId":20,"NextAnswerId":1,"QuestionID":"QID66"}},{"SurveyID":"SV_1XHvCtZIHoIwNxQ","Element":"SQ","PrimaryAttribute":"QID78","SecondaryAttribute":"Please read the following information about the person carefully:","TertiaryAttribute":null,"Payload":{"QuestionText":"<b>Please read the following information about the person carefully:<\/b>","DefaultChoices":false,"DataExportTag":"Intro","QuestionType":"DB","Selector":"TB","DataVisibility":{"Private":false,"Hidden":false},"Configuration":{"QuestionDescriptionOption":"UseText"},"QuestionDescription":"Please read the following information about the person carefully:","ChoiceOrder":[],"Validation":{"Settings":{"Type":"None"}},"GradingData":[],"Language":[],"NextChoiceId":4,"NextAnswerId":1,"QuestionID":"QID78"}},{"SurveyID":"SV_1XHvCtZIHoIwNxQ","Element":"SQ","PrimaryAttribute":"QID79","SecondaryAttribute":"Adam has been dating his partner for almost a year, and Valentine's Day is coming up. He knows th...","TertiaryAttribute":null,"Payload":{"QuestionText":"<span style=\"color:#000099;\">Adam has been dating his partner for almost a year, and Valentine's Day is coming up. He knows that many people exchange a card on Valentine\u2019s Day containing a love letter to their partner, and he decides to send a love letter to his partner too.<br>\n<br>\nThis year, Adam has been closely following developments in technology and has read of people using AI tools like ChatGPT for things like this, either using it to help with writing or getting AI to do the task completely.<br>\n<br><b>\nAdam decides to write the love letter in the card by himself.<\/b><br><br>This is what he sent to his partner:<\/span>","DefaultChoices":false,"DataExportTag":"Vignette_Control","QuestionType":"DB","Selector":"TB","DataVisibility":{"Private":false,"Hidden":false},"Configuration":{"QuestionDescriptionOption":"UseText"},"QuestionDescription":"Adam has been dating his partner for almost a year, and Valentine's Day is coming up. He knows th...","ChoiceOrder":[],"Validation":{"Settings":{"Type":"None"}},"GradingData":[],"Language":[],"NextChoiceId":4,"NextAnswerId":1,"QuestionID":"QID79","DisplayLogic":{"0":{"0":{"Description":"<span class=\"ConjDesc\">If<\/span> <span class=\"LeftOpDesc\">Treatment<\/span> <span class=\"OpDesc\">Is Equal to<\/span> <span class=\"RightOpDesc\"> Control <\/span>","LeftOperand":"Treatment","LogicType":"EmbeddedField","Operator":"EqualTo","RightOperand":"Control","Type":"Expression"},"Type":"If"},"Type":"BooleanExpression","inPage":false}}},{"SurveyID":"SV_1XHvCtZIHoIwNxQ","Element":"SQ","PrimaryAttribute":"QID81","SecondaryAttribute":"Happy Valentine\u2019s Day, my love. I don\u2019t think I tell you enough just how much you mean to me. Be","TertiaryAttribute":null,"Payload":{"QuestionText":"<p style=\"background-color: #fbfbff; padding: 15px; border: 1px solid grey; font-size: 15px\">\nHappy Valentine\u2019s Day, my love.<br>\n<br>\nI don\u2019t think I tell you enough just how much you mean to me. Being with you feels like breathing a little easier, like the world is a bit softer just because you\u2019re in it. You make the everyday feel special, and somehow you always know how to calm my nerves or make me laugh at just the right moment. I feel like myself with you \u2014 maybe even a better version of myself \u2014 and that\u2019s such a rare and beautiful thing.<br>\n<br>\nI\u2019m so grateful for you \u2014 for the way you listen, the way you love, the way you show up, even in the small ways. I hope you know that no matter what, I\u2019m always in your corner. I can\u2019t wait to keep making memories together, whether we\u2019re off on some adventure or just curled up on the couch. I love you more than I can really put into words, but I promise I\u2019ll spend every day trying.<br>\n<br>\nYours,<br>\n<br>\nAdam\n<\/p>","DefaultChoices":false,"DataExportTag":"Letter","QuestionID":"QID81","QuestionType":"DB","Selector":"TB","DataVisibility":{"Private":false,"Hidden":false},"Configuration":{"QuestionDescriptionOption":"UseText"},"QuestionDescription":"Happy Valentine\u2019s Day, my love. I don\u2019t think I tell you enough just how much you mean to me. Bei...","ChoiceOrder":[],"Validation":{"Settings":{"Type":"None"}},"GradingData":[],"Language":[],"NextChoiceId":4,"NextAnswerId":1}},{"SurveyID":"SV_1XHvCtZIHoIwNxQ","Element":"SQ","PrimaryAttribute":"QID82","SecondaryAttribute":"Adam has been dating his partner for almost a year, and Valentine's Day is coming up. He knows th...","TertiaryAttribute":null,"Payload":{"QuestionText":"<span style=\"color:#000099;\">Adam has been dating his partner for almost a year, and Valentine's Day is coming up. He knows that many people exchange a card on Valentine\u2019s Day containing a love letter to their partner, and he decides to send a love letter to his partner too.<br>\n<br>\nThis year, Adam has been closely following developments in technology and has read of people using AI tools like ChatGPT for things like this, either using it to help with writing or getting AI to do the task completely.<br>\n<br><b>\nAdam decides to use AI to help write the love letter in the card. He asks ChatGPT to provide ideas, inspiration, and feedback, but he edits and rewrites the suggestions and finishes writing the love letter himself.<\/b><br><br>This is what he sent to his partner:<\/span>","DefaultChoices":false,"DataExportTag":"Vignette_Tool","QuestionType":"DB","Selector":"TB","DataVisibility":{"Private":false,"Hidden":false},"Configuration":{"QuestionDescriptionOption":"UseText"},"QuestionDescription":"Adam has been dating his partner for almost a year, and Valentine's Day is coming up. He knows th...","DisplayLogic":{"0":{"0":{"Description":"<span class=\"ConjDesc\">If<\/span> <span class=\"LeftOpDesc\">Treatment<\/span> <span class=\"OpDesc\">Is Equal to<\/span> <span class=\"RightOpDesc\"> Tool <\/span>","LeftOperand":"Treatment","LogicType":"EmbeddedField","Operator":"EqualTo","RightOperand":"Tool","Type":"Expression"},"Type":"If"},"Type":"BooleanExpression","inPage":false},"ChoiceOrder":[],"Validation":{"Settings":{"Type":"None"}},"GradingData":[],"Language":[],"NextChoiceId":4,"NextAnswerId":1,"QuestionID":"QID82"}},{"SurveyID":"SV_1XHvCtZIHoIwNxQ","Element":"SQ","PrimaryAttribute":"QID83","SecondaryAttribute":"Adam has been dating his partner for almost a year, and Valentine's Day is coming up. He knows th...","TertiaryAttribute":null,"Payload":{"QuestionText":"<span style=\"color:#000099;\">Adam has been dating his partner for almost a year, and Valentine's Day is coming up. He knows that many people exchange a card on Valentine\u2019s Day containing a love letter to their partner, and he decides to send a love letter to his partner too.<br>\n<br>\nThis year, Adam has been closely following developments in technology and has read of people using AI tools like ChatGPT for things like this, either using it to help with writing or getting AI to do the task completely.<br>\n<br><b>\nAdam decides to use AI to write the love letter in the card. He asks ChatGPT to write the love letter and copies the output word-for-word, rather than writing it himself.<\/b><br><br>This is what he sent to his partner:<\/span>","DefaultChoices":false,"DataExportTag":"Vignette_Full","QuestionType":"DB","Selector":"TB","DataVisibility":{"Private":false,"Hidden":false},"Configuration":{"QuestionDescriptionOption":"UseText"},"QuestionDescription":"Adam has been dating his partner for almost a year, and Valentine's Day is coming up. He knows th...","DisplayLogic":{"0":{"0":{"Description":"<span class=\"ConjDesc\">If<\/span> <span class=\"LeftOpDesc\">Treatment<\/span> <span class=\"OpDesc\">Is Equal to<\/span> <span class=\"RightOpDesc\"> Full <\/span>","LeftOperand":"Treatment","LogicType":"EmbeddedField","Operator":"EqualTo","RightOperand":"Full","Type":"Expression"},"Type":"If"},"Type":"BooleanExpression","inPage":false},"ChoiceOrder":[],"Validation":{"Settings":{"Type":"None"}},"GradingData":[],"Language":[],"NextChoiceId":4,"NextAnswerId":1,"QuestionID":"QID83"}},{"SurveyID":"SV_1XHvCtZIHoIwNxQ","Element":"SQ","PrimaryAttribute":"QID84","SecondaryAttribute":"Please answer the following questions about Adam and the love letter.","TertiaryAttribute":null,"Payload":{"QuestionText":"Please answer the following questions about Adam and the love letter.","DefaultChoices":false,"DataExportTag":"Intro1","QuestionType":"DB","Selector":"TB","DataVisibility":{"Private":false,"Hidden":false},"Configuration":{"QuestionDescriptionOption":"UseText"},"QuestionDescription":"Please answer the following questions about Adam and the love letter.","ChoiceOrder":[],"Validation":{"Settings":{"Type":"None"}},"GradingData":[],"Language":[],"NextChoiceId":4,"NextAnswerId":1,"QuestionID":"QID84"}},{"SurveyID":"SV_1XHvCtZIHoIwNxQ","Element":"SQ","PrimaryAttribute":"QID85","SecondaryAttribute":"Remember, Adam wrote the love letter by himself.","TertiaryAttribute":null,"Payload":{"QuestionText":"Remember, <u>Adam wrote the love letter by himself<\/u>.<br><br><hr>","DefaultChoices":false,"DataExportTag":"Reminder1_Control","QuestionType":"DB","Selector":"TB","DataVisibility":{"Private":false,"Hidden":false},"Configuration":{"QuestionDescriptionOption":"UseText"},"QuestionDescription":"Remember, Adam wrote the love letter by himself.","ChoiceOrder":[],"Validation":{"Settings":{"Type":"None"}},"GradingData":[],"Language":[],"NextChoiceId":4,"NextAnswerId":1,"QuestionID":"QID85","DisplayLogic":{"0":{"0":{"LogicType":"EmbeddedField","LeftOperand":"Treatment","Operator":"EqualTo","RightOperand":"Control","Type":"Expression","Description":"<span class=\"ConjDesc\">If<\/span> <span class=\"LeftOpDesc\">Treatment<\/span> <span class=\"OpDesc\">Is Equal to<\/span> <span class=\"RightOpDesc\"> Control <\/span>"},"Type":"If"},"Type":"BooleanExpression","inPage":false}}},{"SurveyID":"SV_1XHvCtZIHoIwNxQ","Element":"SQ","PrimaryAttribute":"QID86","SecondaryAttribute":"Remember, Adam asked ChatGPT to provide ideas, inspiration, and feedback. He edited and rewrote t...","TertiaryAttribute":null,"Payload":{"QuestionText":"Remember, <u>Adam asked ChatGPT to provide ideas, inspiration, and feedback. He edited and rewrote the suggestions and finished writing the love letter himself.<\/u><br><br><hr>","DefaultChoices":false,"DataExportTag":"Reminder1_Tool","QuestionType":"DB","Selector":"TB","DataVisibility":{"Private":false,"Hidden":false},"Configuration":{"QuestionDescriptionOption":"UseText"},"QuestionDescription":"Remember, Adam asked ChatGPT to provide ideas, inspiration, and feedback. He edited and rewrote t...","DisplayLogic":{"0":{"0":{"LogicType":"EmbeddedField","LeftOperand":"Treatment","Operator":"EqualTo","RightOperand":"Tool","Type":"Expression","Description":"<span class=\"ConjDesc\">If<\/span> <span class=\"LeftOpDesc\">Treatment<\/span> <span class=\"OpDesc\">Is Equal to<\/span> <span class=\"RightOpDesc\"> Tool <\/span>"},"Type":"If"},"Type":"BooleanExpression","inPage":false},"ChoiceOrder":[],"Validation":{"Settings":{"Type":"None"}},"GradingData":[],"Language":[],"NextChoiceId":4,"NextAnswerId":1,"QuestionID":"QID86"}},{"SurveyID":"SV_1XHvCtZIHoIwNxQ","Element":"SQ","PrimaryAttribute":"QID87","SecondaryAttribute":"Remember, Adam asked ChatGPT to write the love letter. He copied the output word-for-word, rather...","TertiaryAttribute":null,"Payload":{"QuestionText":"Remember, <u>Adam asked ChatGPT to write the love letter. He copied the output word-for-word, rather than writing the love letter himself.<\/u><br><br><hr>","DefaultChoices":false,"DataExportTag":"Reminder1_Full","QuestionType":"DB","Selector":"TB","DataVisibility":{"Private":false,"Hidden":false},"Configuration":{"QuestionDescriptionOption":"UseText"},"QuestionDescription":"Remember, Adam asked ChatGPT to write the love letter. He copied the output word-for-word, rather...","DisplayLogic":{"0":{"0":{"LogicType":"EmbeddedField","LeftOperand":"Treatment","Operator":"EqualTo","RightOperand":"Full","Type":"Expression","Description":"<span class=\"ConjDesc\">If<\/span> <span class=\"LeftOpDesc\">Treatment<\/span> <span class=\"OpDesc\">Is Equal to<\/span> <span class=\"RightOpDesc\"> Full <\/span>"},"Type":"If"},"Type":"BooleanExpression","inPage":false},"ChoiceOrder":[],"Validation":{"Settings":{"Type":"None"}},"GradingData":[],"Language":[],"NextChoiceId":4,"NextAnswerId":1,"QuestionID":"QID87"}},{"SurveyID":"SV_1XHvCtZIHoIwNxQ","Element":"SQ","PrimaryAttribute":"QID88","SecondaryAttribute":"How much effort do you think Adam put into the love letter?","TertiaryAttribute":null,"Payload":{"QuestionText":"How much <b>effort<\/b> do you think Adam put into the love letter?","DefaultChoices":false,"DataExportTag":"Effort","QuestionType":"MC","Selector":"SAHR","SubSelector":"TX","DataVisibility":{"Private":false,"Hidden":false},"Configuration":{"QuestionDescriptionOption":"UseText","LabelPosition":"BELOW"},"QuestionDescription":"How much effort do you think Adam put into the love letter?","Choices":{"1":{"Display":"1<br>None at all"},"2":{"Display":"2"},"3":{"Display":"3"},"4":{"Display":"4"},"5":{"Display":"5"},"6":{"Display":"6"},"7":{"Display":"7<br>Very much"}},"ChoiceOrder":["1","2","3","4","5","6","7"],"Validation":{"Settings":{"ForceResponse":"RequestResponse","ForceResponseType":"RequestResponse","Type":"None"}},"GradingData":[],"Language":[],"NextChoiceId":8,"NextAnswerId":1,"QuestionID":"QID88"}},{"SurveyID":"SV_1XHvCtZIHoIwNxQ","Element":"SQ","PrimaryAttribute":"QID89","SecondaryAttribute":"Please answer the following questions about the information you just read.","TertiaryAttribute":null,"Payload":{"QuestionText":"Please answer the following questions about the information you just read.","DefaultChoices":false,"DataExportTag":"Intro","QuestionType":"DB","Selector":"TB","DataVisibility":{"Private":false,"Hidden":false},"Configuration":{"QuestionDescriptionOption":"UseText"},"QuestionDescription":"Please answer the following questions about the information you just read.","ChoiceOrder":[],"Validation":{"Settings":{"Type":"None"}},"GradingData":[],"Language":[],"NextChoiceId":4,"NextAnswerId":1,"QuestionID":"QID89"}},{"SurveyID":"SV_1XHvCtZIHoIwNxQ","Element":"SQ","PrimaryAttribute":"QID90","SecondaryAttribute":"In the scenario, what did Adam write?","TertiaryAttribute":null,"Payload":{"QuestionText":"In the scenario, what did Adam write?","DefaultChoices":false,"DataExportTag":"Comp1","QuestionType":"MC","Selector":"SAVR","SubSelector":"TX","DataVisibility":{"Private":false,"Hidden":false},"Configuration":{"QuestionDescriptionOption":"UseText"},"QuestionDescription":"In the scenario, what did Adam write?","Choices":{"1":{"Display":"An apology note"},"2":{"Display":"A love letter"},"3":{"Display":"A job application"},"4":{"Display":"A blog post"},"5":{"Display":"None of the above"}},"ChoiceOrder":["1","2","3","4","5"],"Validation":{"Settings":{"ForceResponse":"RequestResponse","ForceResponseType":"RequestResponse","Type":"None"}},"GradingData":[],"Language":[],"NextChoiceId":6,"NextAnswerId":1,"QuestionID":"QID90","AnalyzeChoices":{"5":"No"}}},{"SurveyID":"SV_1XHvCtZIHoIwNxQ","Element":"SQ","PrimaryAttribute":"QID91","SecondaryAttribute":"In the scenario, did Adam use AI to help write the love letter?","TertiaryAttribute":null,"Payload":{"QuestionText":"In the scenario, did Adam use AI to help write the love letter?","DefaultChoices":false,"DataExportTag":"Comp2","QuestionType":"MC","Selector":"SAVR","SubSelector":"TX","DataVisibility":{"Private":false,"Hidden":false},"Configuration":{"QuestionDescriptionOption":"UseText"},"QuestionDescription":"In the scenario, did Adam use AI to help write the love letter?","Choices":{"1":{"Display":"Yes"},"2":{"Display":"No"}},"ChoiceOrder":["1","2"],"Validation":{"Settings":{"ForceResponse":"RequestResponse","ForceResponseType":"RequestResponse","Type":"None"}},"GradingData":[],"Language":[],"NextChoiceId":4,"NextAnswerId":1,"QuestionID":"QID91"}},{"SurveyID":"SV_1XHvCtZIHoIwNxQ","Element":"SQ","PrimaryAttribute":"QID92","SecondaryAttribute":"Please answer the following questions about Adam and the love letter.","TertiaryAttribute":null,"Payload":{"QuestionText":"Please answer the following questions about Adam and the love letter.","DefaultChoices":false,"DataExportTag":"Intro2","QuestionType":"DB","Selector":"TB","DataVisibility":{"Private":false,"Hidden":false},"Configuration":{"QuestionDescriptionOption":"UseText"},"QuestionDescription":"Please answer the following questions about Adam and the love letter.","ChoiceOrder":[],"Validation":{"Settings":{"Type":"None"}},"GradingData":[],"Language":[],"NextChoiceId":4,"NextAnswerId":1,"QuestionID":"QID92"}},{"SurveyID":"SV_1XHvCtZIHoIwNxQ","Element":"SQ","PrimaryAttribute":"QID93","SecondaryAttribute":"Remember, Adam wrote the love letter by himself.","TertiaryAttribute":null,"Payload":{"QuestionText":"Remember, <u>Adam wrote the love letter by himself<\/u>.<br><br><hr>","DefaultChoices":false,"DataExportTag":"Reminder2_Control","QuestionType":"DB","Selector":"TB","DataVisibility":{"Private":false,"Hidden":false},"Configuration":{"QuestionDescriptionOption":"UseText"},"QuestionDescription":"Remember, Adam wrote the love letter by himself.","DisplayLogic":{"0":{"0":{"LogicType":"EmbeddedField","LeftOperand":"Treatment","Operator":"EqualTo","RightOperand":"Control","Type":"Expression","Description":"<span class=\"ConjDesc\">If<\/span> <span class=\"LeftOpDesc\">Treatment<\/span> <span class=\"OpDesc\">Is Equal to<\/span> <span class=\"RightOpDesc\"> Control <\/span>"},"Type":"If"},"Type":"BooleanExpression","inPage":false},"ChoiceOrder":[],"Validation":{"Settings":{"Type":"None"}},"GradingData":[],"Language":[],"NextChoiceId":4,"NextAnswerId":1,"QuestionID":"QID93"}},{"SurveyID":"SV_1XHvCtZIHoIwNxQ","Element":"SQ","PrimaryAttribute":"QID94","SecondaryAttribute":"Remember, Adam asked ChatGPT to provide ideas, inspiration, and feedback. He edited and rewrote t...","TertiaryAttribute":null,"Payload":{"QuestionText":"Remember, <u>Adam asked ChatGPT to provide ideas, inspiration, and feedback. He edited and rewrote the suggestions and finished writing the love letter himself.<\/u><br><br><hr>","DefaultChoices":false,"DataExportTag":"Reminder2_Tool","QuestionType":"DB","Selector":"TB","DataVisibility":{"Private":false,"Hidden":false},"Configuration":{"QuestionDescriptionOption":"UseText"},"QuestionDescription":"Remember, Adam asked ChatGPT to provide ideas, inspiration, and feedback. He edited and rewrote t...","DisplayLogic":{"0":{"0":{"LogicType":"EmbeddedField","LeftOperand":"Treatment","Operator":"EqualTo","RightOperand":"Tool","Type":"Expression","Description":"<span class=\"ConjDesc\">If<\/span> <span class=\"LeftOpDesc\">Treatment<\/span> <span class=\"OpDesc\">Is Equal to<\/span> <span class=\"RightOpDesc\"> Tool <\/span>"},"Type":"If"},"Type":"BooleanExpression","inPage":false},"ChoiceOrder":[],"Validation":{"Settings":{"Type":"None"}},"GradingData":[],"Language":[],"NextChoiceId":4,"NextAnswerId":1,"QuestionID":"QID94"}},{"SurveyID":"SV_1XHvCtZIHoIwNxQ","Element":"SQ","PrimaryAttribute":"QID95","SecondaryAttribute":"Remember, Adam asked ChatGPT to write the love letter. He copied the output word-for-word, rather...","TertiaryAttribute":null,"Payload":{"QuestionText":"Remember, <u>Adam asked ChatGPT to write the love letter. He copied the output word-for-word, rather than writing the love letter himself.<\/u><br><br><hr>","DefaultChoices":false,"DataExportTag":"Reminder2_Full","QuestionType":"DB","Selector":"TB","DataVisibility":{"Private":false,"Hidden":false},"Configuration":{"QuestionDescriptionOption":"UseText"},"QuestionDescription":"Remember, Adam asked ChatGPT to write the love letter. He copied the output word-for-word, rather...","DisplayLogic":{"0":{"0":{"LogicType":"EmbeddedField","LeftOperand":"Treatment","Operator":"EqualTo","RightOperand":"Full","Type":"Expression","Description":"<span class=\"ConjDesc\">If<\/span> <span class=\"LeftOpDesc\">Treatment<\/span> <span class=\"OpDesc\">Is Equal to<\/span> <span class=\"RightOpDesc\"> Full <\/span>"},"Type":"If"},"Type":"BooleanExpression","inPage":false},"ChoiceOrder":[],"Validation":{"Settings":{"Type":"None"}},"GradingData":[],"Language":[],"NextChoiceId":4,"NextAnswerId":1,"QuestionID":"QID95"}},{"SurveyID":"SV_1XHvCtZIHoIwNxQ","Element":"SQ","PrimaryAttribute":"QID96","SecondaryAttribute":"How authentic do you think Adam\u2019s love letter was?","TertiaryAttribute":null,"Payload":{"QuestionText":"How <b>authentic<\/b> do you think Adam\u2019s love letter was?","DefaultChoices":false,"DataExportTag":"Authentic","QuestionType":"MC","Selector":"SAHR","SubSelector":"TX","DataVisibility":{"Private":false,"Hidden":false},"Configuration":{"QuestionDescriptionOption":"UseText","LabelPosition":"BELOW"},"QuestionDescription":"How authentic do you think Adam\u2019s love letter was?","Choices":{"1":{"Display":"1<br>Not at all"},"2":{"Display":"2"},"3":{"Display":"3"},"4":{"Display":"4"},"5":{"Display":"5"},"6":{"Display":"6"},"7":{"Display":"7<br>Very much"}},"ChoiceOrder":["1","2","3","4","5","6","7"],"Validation":{"Settings":{"ForceResponse":"RequestResponse","ForceResponseType":"RequestResponse","Type":"None"}},"GradingData":[],"Language":[],"NextChoiceId":8,"NextAnswerId":1,"QuestionID":"QID96"}},{"SurveyID":"SV_1XHvCtZIHoIwNxQ","Element":"SQ","PrimaryAttribute":"QID97","SecondaryAttribute":"How much do you think Adam cares\u00a0about the love letter?","TertiaryAttribute":null,"Payload":{"QuestionText":"How much do you think Adam <b>cares&nbsp;<\/b>about the love letter?","DefaultChoices":false,"DataExportTag":"Care","QuestionType":"MC","Selector":"SAHR","SubSelector":"TX","DataVisibility":{"Private":false,"Hidden":false},"Configuration":{"QuestionDescriptionOption":"UseText","LabelPosition":"BELOW"},"QuestionDescription":"How much do you think Adam cares\u00a0about the love letter?","Choices":{"1":{"Display":"1<br>Not at all"},"2":{"Display":"2"},"3":{"Display":"3"},"4":{"Display":"4"},"5":{"Display":"5"},"6":{"Display":"6"},"7":{"Display":"7<br>Very much"}},"ChoiceOrder":["1","2","3","4","5","6","7"],"Validation":{"Settings":{"ForceResponse":"RequestResponse","ForceResponseType":"RequestResponse","Type":"None"}},"GradingData":[],"Language":[],"NextChoiceId":8,"NextAnswerId":1,"QuestionID":"QID97"}},{"SurveyID":"SV_1XHvCtZIHoIwNxQ","Element":"SQ","PrimaryAttribute":"QID98","SecondaryAttribute":"Please answer the following questions about Adam and the love letter.","TertiaryAttribute":null,"Payload":{"QuestionText":"Please answer the following questions about Adam and the love letter.","DefaultChoices":false,"DataExportTag":"Intro3","QuestionType":"DB","Selector":"TB","DataVisibility":{"Private":false,"Hidden":false},"Configuration":{"QuestionDescriptionOption":"UseText"},"QuestionDescription":"Please answer the following questions about Adam and the love letter.","ChoiceOrder":[],"Validation":{"Settings":{"Type":"None"}},"GradingData":[],"Language":[],"NextChoiceId":4,"NextAnswerId":1,"QuestionID":"QID98"}},{"SurveyID":"SV_1XHvCtZIHoIwNxQ","Element":"SQ","PrimaryAttribute":"QID99","SecondaryAttribute":"Remember, Adam wrote the love letter by himself.","TertiaryAttribute":null,"Payload":{"QuestionText":"Remember, <u>Adam wrote the love letter by himself<\/u>.<br><br><hr>","DefaultChoices":false,"DataExportTag":"Reminder3_Control","QuestionType":"DB","Selector":"TB","DataVisibility":{"Private":false,"Hidden":false},"Configuration":{"QuestionDescriptionOption":"UseText"},"QuestionDescription":"Remember, Adam wrote the love letter by himself.","DisplayLogic":{"0":{"0":{"LogicType":"EmbeddedField","LeftOperand":"Treatment","Operator":"EqualTo","RightOperand":"Control","Type":"Expression","Description":"<span class=\"ConjDesc\">If<\/span> <span class=\"LeftOpDesc\">Treatment<\/span> <span class=\"OpDesc\">Is Equal to<\/span> <span class=\"RightOpDesc\"> Control <\/span>"},"Type":"If"},"Type":"BooleanExpression","inPage":false},"ChoiceOrder":[],"Validation":{"Settings":{"Type":"None"}},"GradingData":[],"Language":[],"NextChoiceId":4,"NextAnswerId":1,"QuestionID":"QID99"}},{"SurveyID":"SV_1XHvCtZIHoIwNxQ","Element":"STAT","PrimaryAttribute":"Survey Statistics","SecondaryAttribute":null,"TertiaryAttribute":null,"Payload":{"MobileCompatible":true,"ID":"Survey Statistics"}}]}