{"SurveyEntry":{"SurveyID":"SV_3QS4S8d6x3d62sC","SurveyName":"Social Outsourcing - Study 2","SurveyDescription":null,"SurveyOwnerID":"UR_9z4mn7TBescJpWu","SurveyBrandID":"universityofkent","DivisionID":"DV_4Vfh5O1yrV9kV38","SurveyLanguage":"EN","SurveyActiveResponseSet":"RS_4Ho7eBrLlBT58km","SurveyStatus":"Active","SurveyStartDate":"0000-00-00 00:00:00","SurveyExpirationDate":"0000-00-00 00:00:00","SurveyCreationDate":"2024-12-05 07:38:37","CreatorID":"UR_9z4mn7TBescJpWu","LastModified":"2025-06-20 09:21:57","LastAccessed":"0000-00-00 00:00:00","LastActivated":"2024-12-05 07:59:33","Deleted":null},"SurveyElements":[{"SurveyID":"SV_3QS4S8d6x3d62sC","Element":"BL","PrimaryAttribute":"Survey Blocks","SecondaryAttribute":null,"TertiaryAttribute":null,"Payload":{"0":{"Type":"Default","Description":"AttentionCheck","ID":"BL_77J9kQsAwh7ZA5U","BlockElements":[{"Type":"Question","QuestionID":"QID18"},{"Type":"Question","QuestionID":"QID19"},{"Type":"Page Break"},{"Type":"Question","QuestionID":"QID20"},{"Type":"Question","QuestionID":"QID21"}],"Options":{"BlockLocking":"false","RandomizeQuestions":"false","BlockVisibility":"Collapsed"}},"1":{"Type":"Trash","Description":"Trash \/ Unused Questions","ID":"BL_8bNzc2ypZCUXPca","BlockElements":[]},"3":{"Type":"Standard","SubType":"","Description":"Prolific","ID":"BL_exuE5Fq761pykrI","BlockElements":[{"Type":"Question","QuestionID":"QID13"},{"Type":"Question","QuestionID":"QID14"}],"Options":{"BlockLocking":"false","RandomizeQuestions":"false","BlockVisibility":"Collapsed"}},"4":{"Type":"Standard","SubType":"","Description":"Consent","ID":"BL_0Ps6aEJW11s7tCm","BlockElements":[{"Type":"Question","QuestionID":"QID15"},{"Type":"Question","QuestionID":"QID29"},{"Type":"Question","QuestionID":"QID16"},{"Type":"Question","QuestionID":"QID17"}],"Options":{"BlockLocking":"false","RandomizeQuestions":"false","BlockVisibility":"Collapsed"}},"5":{"Type":"Standard","SubType":"","Description":"Debrief","ID":"BL_egKGBH3K2mL9GdM","BlockElements":[{"Type":"Question","QuestionID":"QID22"},{"Type":"Question","QuestionID":"QID30"},{"Type":"Question","QuestionID":"QID25"}],"Options":{"BlockLocking":"false","RandomizeQuestions":"false","BlockVisibility":"Collapsed"}},"6":{"Type":"Standard","SubType":"","Description":"Captcha","ID":"BL_eVyJfPEA2GzfpFs","BlockElements":[{"Type":"Question","QuestionID":"QID26"},{"Type":"Question","QuestionID":"QID27"},{"Type":"Question","QuestionID":"QID28"}],"Options":{"BlockLocking":"false","RandomizeQuestions":"false","BlockVisibility":"Collapsed"}},"9":{"Type":"Standard","SubType":"","Description":"Demographics","ID":"BL_1TvkejMy8OadHZc","BlockElements":[{"Type":"Question","QuestionID":"QID42"},{"Type":"Question","QuestionID":"QID43"},{"Type":"Question","QuestionID":"QID44"},{"Type":"Question","QuestionID":"QID45"}],"Options":{"BlockLocking":"false","RandomizeQuestions":"false","BlockVisibility":"Collapsed"}},"10":{"Type":"Standard","SubType":"","Description":"Introduction","ID":"BL_3kLTYESZTIEd16C","BlockElements":[{"Type":"Question","QuestionID":"QID46"},{"Type":"Question","QuestionID":"QID48"},{"Type":"Question","QuestionID":"QID49"}],"Options":{"BlockLocking":"false","RandomizeQuestions":"false","BlockVisibility":"Collapsed"}},"11":{"Type":"Standard","SubType":"","Description":"Test","ID":"BL_5oFTsYBRPt09nnM","BlockElements":[{"Type":"Question","QuestionID":"QID50"},{"Type":"Question","QuestionID":"QID62"},{"Type":"Question","QuestionID":"QID63"},{"Type":"Question","QuestionID":"QID64"},{"Type":"Question","QuestionID":"QID65"},{"Type":"Question","QuestionID":"QID53"},{"Type":"Question","QuestionID":"QID56"}],"Options":{"BlockLocking":"false","RandomizeQuestions":"false","BlockVisibility":"Expanded","Looping":"Static","LoopingOptions":{"Static":{"1":{"1":"first","2":"Adam","3":"${e:\/\/Field\/Task1}","4":"himself","5":"him","6":"He","7":"he","8":"his"},"2":{"1":"second","2":"Becky","3":"${e:\/\/Field\/Task2}","4":"herself","5":"her","6":"She","7":"she","8":"her"},"3":{"1":"third","2":"Callum","3":"${e:\/\/Field\/Task3}","4":"himself","5":"him","6":"He","7":"he","8":"his"},"4":{"1":"fourth","2":"Dana","3":"${e:\/\/Field\/Task4}","4":"herself","5":"her","6":"She","7":"she","8":"her"},"5":{"1":"fifth","2":"Edward","3":"${e:\/\/Field\/Task5}","4":"himself","5":"him","6":"He","7":"he","8":"his"},"6":{"1":"sixth","2":"Fiona","3":"${e:\/\/Field\/Task6}","4":"herself","5":"her","6":"She","7":"she","8":"her"}},"Randomization":"None"}}},"12":{"Type":"Standard","SubType":"","Description":"ChatGPT","ID":"BL_5BlaekBfaV8MREi","BlockElements":[{"Type":"Question","QuestionID":"QID57"},{"Type":"Question","QuestionID":"QID58"},{"Type":"Question","QuestionID":"QID59"},{"Type":"Question","QuestionID":"QID60"},{"Type":"Question","QuestionID":"QID61"},{"Type":"Question","QuestionID":"QID66"}],"Options":{"BlockLocking":"false","RandomizeQuestions":"false","BlockVisibility":"Collapsed"}}}},{"SurveyID":"SV_3QS4S8d6x3d62sC","Element":"FL","PrimaryAttribute":"Survey Flow","SecondaryAttribute":null,"TertiaryAttribute":null,"Payload":{"Type":"Root","FlowID":"FL_1","Flow":[{"Type":"EmbeddedData","FlowID":"FL_7","EmbeddedData":[{"Description":"PROLIFIC_PID","Type":"Recipient","Field":"PROLIFIC_PID","VariableType":"String","DataVisibility":[],"AnalyzeText":false},{"Description":"SESSION_ID","Type":"Recipient","Field":"SESSION_ID","VariableType":"String","DataVisibility":[],"AnalyzeText":false},{"Description":"STUDY_ID","Type":"Recipient","Field":"STUDY_ID","VariableType":"String","DataVisibility":[],"AnalyzeText":false},{"Description":"Task1","Type":"Recipient","Field":"Task1","VariableType":"String","DataVisibility":[],"AnalyzeText":false},{"Description":"Task2","Type":"Recipient","Field":"Task2","VariableType":"String","DataVisibility":[],"AnalyzeText":false},{"Description":"Task3","Type":"Recipient","Field":"Task3","VariableType":"String","DataVisibility":[],"AnalyzeText":false},{"Description":"Task4","Type":"Recipient","Field":"Task4","VariableType":"String","DataVisibility":[],"AnalyzeText":false},{"Description":"Task5","Type":"Recipient","Field":"Task5","VariableType":"String","DataVisibility":[],"AnalyzeText":false},{"Description":"Task6","Type":"Recipient","Field":"Task6","VariableType":"String","DataVisibility":[],"AnalyzeText":false}]},{"Type":"BlockRandomizer","FlowID":"FL_32","SubSet":1,"Flow":[{"Type":"EmbeddedData","FlowID":"FL_33","EmbeddedData":[{"Description":"Treatment","Type":"Custom","Field":"Treatment","VariableType":"String","DataVisibility":[],"AnalyzeText":false,"Value":"Control"}]},{"Type":"EmbeddedData","FlowID":"FL_34","EmbeddedData":[{"Description":"Treatment","Type":"Custom","Field":"Treatment","VariableType":"String","DataVisibility":[],"AnalyzeText":false,"Value":"AI_Tool_Honest"}]},{"Type":"EmbeddedData","FlowID":"FL_35","EmbeddedData":[{"Description":"Treatment","Type":"Custom","Field":"Treatment","VariableType":"String","DataVisibility":[],"AnalyzeText":false,"Value":"AI_Tool_Deception"}]},{"Type":"EmbeddedData","FlowID":"FL_39","EmbeddedData":[{"Description":"Treatment","Type":"Custom","Field":"Treatment","VariableType":"String","DataVisibility":[],"AnalyzeText":false,"Value":"AI_Full_Honest"}]},{"Type":"EmbeddedData","FlowID":"FL_40","EmbeddedData":[{"Description":"Treatment","Type":"Custom","Field":"Treatment","VariableType":"String","DataVisibility":[],"AnalyzeText":false,"Value":"AI_Full_Deception"}]}]},{"Type":"Standard","ID":"BL_eVyJfPEA2GzfpFs","FlowID":"FL_11","Autofill":[]},{"Type":"Standard","ID":"BL_exuE5Fq761pykrI","FlowID":"FL_5","Autofill":[]},{"Type":"Standard","ID":"BL_0Ps6aEJW11s7tCm","FlowID":"FL_6","Autofill":[]},{"Type":"Branch","FlowID":"FL_8","Description":"New Branch","BranchLogic":{"0":{"0":{"LogicType":"Question","QuestionID":"QID16","QuestionIsInLoop":"no","ChoiceLocator":"q:\/\/QID16\/SelectableChoice\/2","Operator":"Selected","QuestionIDFromLocator":"QID16","LeftOperand":"q:\/\/QID16\/SelectableChoice\/2","Type":"Expression","Description":"<span class=\"ConjDesc\">If<\/span> <span class=\"QuestionDesc\">Do you agree to participate in this study having read and understood the consent form above?<\/span> <span class=\"LeftOpDesc\">No<\/span> <span class=\"OpDesc\">Is Selected<\/span> "},"Type":"If"},"Type":"BooleanExpression"},"Flow":[{"Type":"EndSurvey","FlowID":"FL_9","EndingType":"Advanced","Options":{"Advanced":"true","SurveyTermination":"DisplayMessage","EOSMessageLibrary":"UR_9z4mn7TBescJpWu","EOSMessage":"MS_d43JCtAzWGc5X0y"}}]},{"Type":"Branch","FlowID":"FL_14","Description":"New Branch","BranchLogic":{"0":{"0":{"LogicType":"Question","QuestionID":"QID29","QuestionIsInLoop":"no","ChoiceLocator":"q:\/\/QID29\/SelectableChoice\/2","Operator":"Selected","QuestionIDFromLocator":"QID29","LeftOperand":"q:\/\/QID29\/SelectableChoice\/2","Type":"Expression","Description":"<span class=\"ConjDesc\">If<\/span> <span class=\"QuestionDesc\">Are you 18 years old or older?<\/span> <span class=\"LeftOpDesc\">No<\/span> <span class=\"OpDesc\">Is Selected<\/span> "},"Type":"If"},"Type":"BooleanExpression"},"Flow":[{"Type":"EndSurvey","FlowID":"FL_15","EndingType":"Advanced","Options":{"Advanced":"true","SurveyTermination":"DisplayMessage","EOSMessageLibrary":"UR_9z4mn7TBescJpWu","EOSMessage":"MS_ctPgd4h80uHZL2C"}}]},{"Type":"Standard","ID":"BL_1TvkejMy8OadHZc","FlowID":"FL_31","Autofill":[]},{"Type":"Block","ID":"BL_77J9kQsAwh7ZA5U","FlowID":"FL_2","Autofill":[]},{"Type":"Standard","ID":"BL_3kLTYESZTIEd16C","FlowID":"FL_36","Autofill":[]},{"Type":"Standard","ID":"BL_5oFTsYBRPt09nnM","FlowID":"FL_37","Autofill":[]},{"Type":"Standard","ID":"BL_5BlaekBfaV8MREi","FlowID":"FL_38","Autofill":[]},{"Type":"Block","ID":"BL_egKGBH3K2mL9GdM","FlowID":"FL_10","Autofill":[]},{"Type":"EndSurvey","FlowID":"FL_21","EndingType":"Advanced","Options":{"Advanced":"true","SurveyTermination":"Redirect","EOSRedirectURL":"https:\/\/app.prolific.com\/submissions\/complete?cc=CKJ0ZPOT"}}],"Properties":{"Count":40}}},{"SurveyID":"SV_3QS4S8d6x3d62sC","Element":"PL","PrimaryAttribute":"Preview Link","SecondaryAttribute":null,"TertiaryAttribute":null,"Payload":{"PreviewType":"Brand","PreviewID":"0f3db2ec-781c-4347-803f-b08efff912c7"}},{"SurveyID":"SV_3QS4S8d6x3d62sC","Element":"PROJ","PrimaryAttribute":"CORE","SecondaryAttribute":null,"TertiaryAttribute":"1.1.0","Payload":{"ProjectCategory":"CORE","SchemaVersion":"1.1.0"}},{"SurveyID":"SV_3QS4S8d6x3d62sC","Element":"QC","PrimaryAttribute":"Survey Question Count","SecondaryAttribute":"66","TertiaryAttribute":null,"Payload":null},{"SurveyID":"SV_3QS4S8d6x3d62sC","Element":"RS","PrimaryAttribute":"RS_4Ho7eBrLlBT58km","SecondaryAttribute":null,"TertiaryAttribute":null,"Payload":null},{"SurveyID":"SV_3QS4S8d6x3d62sC","Element":"SCO","PrimaryAttribute":"Scoring","SecondaryAttribute":null,"TertiaryAttribute":null,"Payload":{"ScoringCategories":[],"ScoringCategoryGroups":[],"ScoringSummaryCategory":null,"ScoringSummaryAfterQuestions":0,"ScoringSummaryAfterSurvey":0,"DefaultScoringCategory":null,"AutoScoringCategory":null}},{"SurveyID":"SV_3QS4S8d6x3d62sC","Element":"SO","PrimaryAttribute":"Survey Options","SecondaryAttribute":null,"TertiaryAttribute":null,"Payload":{"BackButton":"false","SaveAndContinue":"true","SurveyProtection":"PublicSurvey","BallotBoxStuffingPrevention":"false","NoIndex":"Yes","SecureResponseFiles":"true","SurveyExpiration":"None","SurveyTermination":"DefaultMessage","Header":"","Footer":"","ProgressBarDisplay":"None","PartialData":"+1 week","ValidationMessage":null,"PreviousButton":" \u2190 ","NextButton":" \u2192 ","SurveyTitle":"Qualtrics Survey | Qualtrics Experience Management","SkinLibrary":"universityofkent","SkinType":"templated","Skin":{"brandingId":null,"templateId":"*2014","overrides":null},"NewScoring":1,"SurveyMetaDescription":"The most powerful, simple and trusted way to gather experience data. Start your journey to experience management and try a free account today.","EOSMessage":null,"ShowExportTags":"false","CollectGeoLocation":"false","PasswordProtection":"No","AnonymizeResponse":"No","RefererCheck":"No","BallotBoxStuffingPreventionBehavior":null,"BallotBoxStuffingPreventionMessage":null,"BallotBoxStuffingPreventionMessageLibrary":null,"BallotBoxStuffingPreventionURL":null,"RecaptchaV3":"true","ConfirmStart":false,"AutoConfirmStart":false,"RelevantID":"false","RelevantIDLockoutPeriod":"+30 days","UseCustomSurveyLinkCompletedMessage":null,"SurveyLinkCompletedMessage":null,"SurveyLinkCompletedMessageLibrary":null,"ResponseSummary":"No","EOSMessageLibrary":null,"EOSRedirectURL":"http:\/\/","EmailThankYou":"false","ThankYouEmailMessageLibrary":null,"ThankYouEmailMessage":null,"ValidateMessage":"false","ValidationMessageLibrary":null,"InactiveSurvey":"DefaultMessage","PartialDeletion":null,"PartialDataCloseAfter":"LastActivity","InactiveMessageLibrary":null,"InactiveMessage":null,"AvailableLanguages":{"EN":[]},"ProtectSelectionIds":true}},{"SurveyID":"SV_3QS4S8d6x3d62sC","Element":"SQ","PrimaryAttribute":"QID13","SecondaryAttribute":"What is your Prolific ID? Please note that this response should auto-fill with the correct ID.","TertiaryAttribute":null,"Payload":{"Configuration":{"InputHeight":28,"InputWidth":258,"QuestionDescriptionOption":"UseText"},"DataExportTag":"ProlificID","DataVisibility":{"Hidden":false,"Private":false},"DefaultChoices":{"TEXT":{"Text":"${e:\/\/Field\/PROLIFIC_PID}"}},"GradingData":[],"Language":[],"NextAnswerId":1,"NextChoiceId":4,"QuestionDescription":"What is your Prolific ID? Please note that this response should auto-fill with the correct ID.","QuestionID":"QID13","QuestionText":"What is your Prolific ID? Please note that this response should auto-fill with the correct ID.","QuestionText_Unsafe":"What is your Prolific ID? Please note that this response should auto-fill with the correct ID.","QuestionType":"TE","SearchSource":{"AllowFreeResponse":"false"},"Selector":"SL","Validation":{"Settings":{"ForceResponse":"ON","ForceResponseType":"ON","MinChars":"4","Type":"None"}}}},{"SurveyID":"SV_3QS4S8d6x3d62sC","Element":"SQ","PrimaryAttribute":"QID14","SecondaryAttribute":"Timing","TertiaryAttribute":null,"Payload":{"Choices":{"1":{"Display":"First Click"},"2":{"Display":"Last Click"},"3":{"Display":"Page Submit"},"4":{"Display":"Click Count"}},"Configuration":{"MaxSeconds":"0","MinSeconds":"0","QuestionDescriptionOption":"UseText"},"DataExportTag":"ProlificID_Timer","DataVisibility":{"Hidden":false,"Private":false},"DefaultChoices":false,"GradingData":[],"Language":[],"NextAnswerId":1,"NextChoiceId":24,"QuestionDescription":"Timing","QuestionID":"QID14","QuestionText":"Timing","QuestionText_Unsafe":"Timing","QuestionType":"Timing","Selector":"PageTimer"}},{"SurveyID":"SV_3QS4S8d6x3d62sC","Element":"SQ","PrimaryAttribute":"QID15","SecondaryAttribute":"Information about this study Project Title:\u00a0Evaluations of Others Researcher: Dr. Scott Claessens..","TertiaryAttribute":null,"Payload":{"ChoiceOrder":[],"Configuration":{"QuestionDescriptionOption":"UseText"},"DataExportTag":"Consent_Information","DataVisibility":{"Hidden":false,"Private":false},"DefaultChoices":false,"GradingData":[],"Language":[],"NextAnswerId":1,"NextChoiceId":4,"QuestionDescription":"Information about this study Project Title:\u00a0Evaluations of Others Researcher: Dr. Scott Claessens...","QuestionID":"QID15","QuestionText":"<b><u>Information about this study<\/u><\/b><br>\n<br>\n<b>Project Title:<\/b>&nbsp;Evaluations of Others<br>\n<b>Researcher:<\/b> Dr. Scott Claessens (University of Kent)<br>\n<b>Principal Investigator:<\/b> Dr. Jim Everett (University of Kent)<br>\n<br>\nThis study examines how people evaluate others.<br>\n<br>\nParticipation in this study is completely voluntary. This study will take approximately 3 minutes and participation is open to anyone residing in the United Kingdom who is at least 18 years old. You are free to decline to participate, to end participation at any time for any reason, or to refuse to answer any individual question without penalty or loss of compensation.<br> \n<br>\nParticipation in this study will involve reading several short scenarios and answering some questions.<br>\n<br>\nOnce the study has been completed, we will anonymise the data for analysis. This means that any information that might identify you personally will be removed from the dataset. You may withdraw from the study at any time up until the responses are anonymised (48 hours after your participation).\u202fIf you choose to withdraw, all of your responses will be deleted. Once the data are analysed a report of the findings may be submitted for publication. Only broad trends will be reported and it will not be possible to identify any individuals. Personal data will be processed in accordance with the EU General Data Protection Regulation and the UK Data Protection Act (2018).<br>\n <br>\nShould you have any questions about the survey, do not hesitate to contact the head researcher at j.a.c.everett@kent.ac.uk.<br>\n <br>\nShould you have comments or complaints because of this study, you can direct them to the chair of the Ethics Committee of Kent School of Psychology via psychethics@kent.ac.uk","QuestionText_Unsafe":"<b><u>Information about this study<\/u><\/b><br><br><b>Project Title:<\/b> Responses to Moral Scenarios<br><b>Researcher:<\/b> Dr. Scott Claessens (University of Kent)<br><b>Principal Investigator:<\/b> Dr. Jim Everett (University of Kent)<br><br>We need your help! This study examines people\u2019s responses to a variety of moral scenarios. Participation in this study involves reading some brief descriptions of moral scenarios and answering some questions about your views.<br><br>The study will take approximately 10 minutes and participation is open to anyone residing in the United Kingdom who is at least 18 years old. You are free to decline to participate, to end participation at any time for any reason, or to refuse to answer any individual question without penalty or loss of compensation.<br><br>We do not expect that the survey will expose you to any risk of psychological harm greater than you would encounter in everyday life. The survey is anonymous, and answers cannot be traced to single participants. The results of the survey may be made public, or its data made accessible in an open data repository, but data in which individuals can be identified will under no circumstances be publicized. Personal data will be processed in accordance with the EU General Data Protection Regulation and the UK Data Protection Act (2018). We do not collect any identifying information, and so it will not be possible to remove your data at a later date after you have completed the survey. Once you have completed the survey, if you do wish to withdraw your data, please indicate this on the last page \u2013 this will be the only chance to remove data.<br><br>Should you have any questions about the survey, do not hesitate to contact the lead researcher at j.a.c.everett@kent.ac.uk. Should you have comments or complaints because of this study, you can direct them to the chair of the Ethics Committee of Kent School of Psychology via psychethics@kent.ac.uk.","QuestionType":"DB","Selector":"TB","Validation":{"Settings":{"Type":"None"}}}},{"SurveyID":"SV_3QS4S8d6x3d62sC","Element":"SQ","PrimaryAttribute":"QID16","SecondaryAttribute":"Do you agree to participate in this study having read and understood the consent form above?","TertiaryAttribute":null,"Payload":{"ChoiceOrder":[1,2],"Choices":{"1":{"Display":"Yes"},"2":{"Display":"No"}},"Configuration":{"QuestionDescriptionOption":"UseText"},"DataExportTag":"Consent_Participate","DataVisibility":{"Hidden":false,"Private":false},"DefaultChoices":false,"GradingData":[],"Language":[],"NextAnswerId":1,"NextChoiceId":3,"QuestionDescription":"Do you agree to participate in this study having read and understood the consent form above?","QuestionID":"QID16","QuestionText":"Do you agree to participate in this study having read and understood the consent form above?","QuestionText_Unsafe":"Do you agree to participate in this study having read and understood the consent form above?","QuestionType":"MC","Selector":"SAVR","SubSelector":"TX","Validation":{"Settings":{"ForceResponse":"ON","ForceResponseType":"ON","Type":"None"}}}},{"SurveyID":"SV_3QS4S8d6x3d62sC","Element":"SQ","PrimaryAttribute":"QID17","SecondaryAttribute":"Timing","TertiaryAttribute":null,"Payload":{"Choices":{"1":{"Display":"First Click"},"2":{"Display":"Last Click"},"3":{"Display":"Page Submit"},"4":{"Display":"Click Count"}},"Configuration":{"MaxSeconds":"0","MinSeconds":"0","QuestionDescriptionOption":"UseText"},"DataExportTag":"Consent_Timer","DataVisibility":{"Hidden":false,"Private":false},"DefaultChoices":false,"GradingData":[],"Language":[],"NextAnswerId":1,"NextChoiceId":24,"QuestionDescription":"Timing","QuestionID":"QID17","QuestionText":"Timing","QuestionText_Unsafe":"Timing","QuestionType":"Timing","Selector":"PageTimer"}},{"SurveyID":"SV_3QS4S8d6x3d62sC","Element":"SQ","PrimaryAttribute":"QID18","SecondaryAttribute":"In studies like ours, there are sometimes a few people who do not carefully read the questions th...","TertiaryAttribute":null,"Payload":{"ChoiceOrder":[],"Configuration":{"QuestionDescriptionOption":"UseText"},"DataExportTag":"Attention_Text","DataVisibility":{"Hidden":false,"Private":false},"DefaultChoices":false,"GradingData":[],"Language":[],"NextAnswerId":1,"NextChoiceId":4,"QuestionDescription":"In studies like ours, there are sometimes a few people who do not carefully read the questions th...","QuestionID":"QID18","QuestionText":"In studies like ours, there are sometimes a few people who do not carefully read the questions they are asked and just \"quickly click through the survey.\" These random answers are problematic because they compromise the results of the studies. It is very important that you pay attention and read each question. In order to show that you read our questions carefully (and regardless of your own opinion), please answer \"TikTok\" in the question on the next page.","QuestionText_Unsafe":"In studies like ours, there are sometimes a few people who do not carefully read the questions they are asked and just \"quickly click through the survey.\" These random answers are problematic because they compromise the results of the studies. It is very important that you pay attention and read each question. In order to show that you read our questions carefully (and regardless of your own opinion), please answer \"TikTok\" in the question on the next page.","QuestionType":"DB","Selector":"TB","Validation":{"Settings":{"Type":"None"}}}},{"SurveyID":"SV_3QS4S8d6x3d62sC","Element":"SQ","PrimaryAttribute":"QID19","SecondaryAttribute":"Timing","TertiaryAttribute":null,"Payload":{"Choices":{"1":{"Display":"First Click"},"2":{"Display":"Last Click"},"3":{"Display":"Page Submit"},"4":{"Display":"Click Count"}},"Configuration":{"MaxSeconds":"0","MinSeconds":"0","QuestionDescriptionOption":"UseText"},"DataExportTag":"Attention_Timer1","DataVisibility":{"Hidden":false,"Private":false},"DefaultChoices":false,"GradingData":[],"Language":[],"NextAnswerId":1,"NextChoiceId":36,"QuestionDescription":"Timing","QuestionID":"QID19","QuestionText":"Timing","QuestionText_Unsafe":"Timing","QuestionType":"Timing","Selector":"PageTimer"}},{"SurveyID":"SV_3QS4S8d6x3d62sC","Element":"SQ","PrimaryAttribute":"QID20","SecondaryAttribute":"When an important event is happening or is about to happen, many people try to get informed about...","TertiaryAttribute":null,"Payload":{"ChoiceOrder":[1,2,3,4,5,6,7,8,9],"Choices":{"1":{"Display":"TV"},"2":{"Display":"Twitter"},"3":{"Display":"Radio"},"4":{"Display":"Facebook"},"5":{"Display":"YouTube"},"6":{"Display":"Newspapers"},"7":{"Display":"Reddit"},"8":{"Display":"TikTok"},"9":{"Display":"Other"}},"Configuration":{"QuestionDescriptionOption":"UseText"},"DataExportTag":"Attention_Check","DataVisibility":{"Hidden":false,"Private":false},"DefaultChoices":false,"GradingData":[],"Language":[],"NextAnswerId":1,"NextChoiceId":10,"QuestionDescription":"When an important event is happening or is about to happen, many people try to get informed about...","QuestionID":"QID20","QuestionText":"When an important event is happening or is about to happen, many people try to get informed about the development of the situation. In such situations, where do you get your information from?","QuestionText_Unsafe":"When an important event is happening or is about to happen, many people try to get informed about the development of the situation. In such situations, where do you get your information from?","QuestionType":"MC","Randomization":{"Advanced":{"FixedOrder":["{~Randomized~}","{~Randomized~}","{~Randomized~}","{~Randomized~}","{~Randomized~}","{~Randomized~}","{~Randomized~}","{~Randomized~}","9"],"RandomSubSet":[],"RandomizeAll":["2","1","3","4","5","6","7","8"],"ScaleReversal":[],"TotalRandSubset":0,"Undisplayed":[]},"ConsistentScaleReversal":false,"EvenPresentation":false,"TotalRandSubset":"","Type":"Advanced"},"Selector":"SAVR","SubSelector":"TX","Validation":{"Settings":{"ForceResponse":"RequestResponse","ForceResponseType":"RequestResponse","Type":"None"}}}},{"SurveyID":"SV_3QS4S8d6x3d62sC","Element":"SQ","PrimaryAttribute":"QID21","SecondaryAttribute":"Timing","TertiaryAttribute":null,"Payload":{"Choices":{"1":{"Display":"First Click"},"2":{"Display":"Last Click"},"3":{"Display":"Page Submit"},"4":{"Display":"Click Count"}},"Configuration":{"MaxSeconds":"0","MinSeconds":"0","QuestionDescriptionOption":"UseText"},"DataExportTag":"Attention_Timer2","DataVisibility":{"Hidden":false,"Private":false},"DefaultChoices":false,"GradingData":[],"Language":[],"NextAnswerId":1,"NextChoiceId":52,"QuestionDescription":"Timing","QuestionID":"QID21","QuestionText":"Timing","QuestionText_Unsafe":"Timing","QuestionType":"Timing","Selector":"PageTimer"}},{"SurveyID":"SV_3QS4S8d6x3d62sC","Element":"SQ","PrimaryAttribute":"QID22","SecondaryAttribute":"Thank you for your participation in this study. In this study, we were interested in how people e...","TertiaryAttribute":null,"Payload":{"ChoiceOrder":[],"Configuration":{"QuestionDescriptionOption":"UseText"},"DataExportTag":"Debrief_Text","DataVisibility":{"Hidden":false,"Private":false},"DefaultChoices":false,"GradingData":[],"Language":[],"NextAnswerId":1,"NextChoiceId":4,"QuestionDescription":"Thank you for your participation in this study. In this study, we were interested in how people e...","QuestionID":"QID22","QuestionText":"Thank you for your participation in this study.<br><br>In this study, we were interested in how people evaluate individuals who outsource different tasks to AI.<br><br>Should you have any questions about the survey, do not hesitate to contact the head researcher at j.a.c.everett@kent.ac.uk. If you have any concerns about the ethical conduct of this study, please email psychethics@kent.ac.uk with a description of your concerns.<br>","QuestionText_Unsafe":"You have completed the study. Thank you for your participation!<br><br>In this study, we were interested in people's responses to different moral dilemmas. You saw two dilemmas that were randomly drawn from a larger set. Your responses will be very useful for our future research.<br><br>Should you have any questions about the survey, do not hesitate to contact the lead researcher at j.a.c.everett@kent.ac.uk. If you have any concerns about the ethical conduct of this study, please email psychethics@kent.ac.uk with a description of your concerns.<br>","QuestionType":"DB","Selector":"TB","Validation":{"Settings":{"Type":"None"}}}},{"SurveyID":"SV_3QS4S8d6x3d62sC","Element":"SQ","PrimaryAttribute":"QID25","SecondaryAttribute":"Timing","TertiaryAttribute":null,"Payload":{"Choices":{"1":{"Display":"First Click"},"2":{"Display":"Last Click"},"3":{"Display":"Page Submit"},"4":{"Display":"Click Count"}},"Configuration":{"MaxSeconds":"0","MinSeconds":"0","QuestionDescriptionOption":"UseText"},"DataExportTag":"Debrief_Timer","DataVisibility":{"Hidden":false,"Private":false},"DefaultChoices":false,"GradingData":[],"Language":[],"NextAnswerId":1,"NextChoiceId":24,"QuestionDescription":"Timing","QuestionID":"QID25","QuestionText":"Timing","QuestionText_Unsafe":"Timing","QuestionType":"Timing","Selector":"PageTimer"}},{"SurveyID":"SV_3QS4S8d6x3d62sC","Element":"SQ","PrimaryAttribute":"QID26","SecondaryAttribute":"Please first confirm that you are human.","TertiaryAttribute":null,"Payload":{"ChoiceOrder":[],"Configuration":{"QuestionDescriptionOption":"UseText"},"DataExportTag":"Captcha_Text","DataVisibility":{"Hidden":false,"Private":false},"DefaultChoices":false,"GradingData":[],"Language":[],"NextAnswerId":1,"NextChoiceId":4,"QuestionDescription":"Please first confirm that you are human.","QuestionID":"QID26","QuestionText":"Please first confirm that you are human.","QuestionText_Unsafe":"Please first confirm that you are human.","QuestionType":"DB","Selector":"TB","Validation":{"Settings":{"Type":"None"}},"QuestionJS":"Qualtrics.SurveyEngine.addOnload(function()\n{\n\t\n\t\/\/ function to shuffle arrays from:\n\t\/\/ https:\/\/stackoverflow.com\/questions\/2450954\/how-to-randomize-shuffle-a-javascript-array\n\tfunction shuffle(array) {\n\t\tlet currentIndex = array.length;\n\t\t\/\/ while there remain elements to shuffle...\n\t\twhile (currentIndex != 0) {\n\t\t\t\/\/ pick a remaining element...\n\t\t\tlet randomIndex = Math.floor(Math.random() * currentIndex);\n\t\t\tcurrentIndex--;\n\t\t\t\/\/ and swap it with the current element.\n\t\t\t[array[currentIndex], array[randomIndex]] = [array[randomIndex], array[currentIndex]];\n\t\t}\n\t}\n\t\n\t\/\/ randomly choose three social items to present\n\tvar social_array = [\n\t\t\"writing wedding vows\",\n\t\t\"writing a love letter\",\n\t\t\"writing a marriage proposal\",\n\t\t\/\/\"choosing an engagement ring\",        \/ remove because not text-based\n\t\t\/\/\"finding a gift for a family member\", \/ remove because not text-based\n\t\t\/\/\"deciding how to discipline a child\", \/ remove because not text-based\n\t\t\"writing a bereavement card to a family member\",\n\t\t\"writing an apology letter to a friend\",\n\t\t\"planning a city tour for a friend\",\n\t\t\"planning a surprise birthday party for a friend\"\n\t];\n\tshuffle(social_array);\n\tvar social_selected = social_array.slice(0, 3);\n\t\n\t\/\/ randomly choose three non-social items to present\n\tvar nonsocial_array = [\n\t\t\"writing a cover letter for a job application\",\n\t\t\"writing computer code\",\n\t\t\"solving a mathematical equation\",\n\t\t\"planning a syllabus\",\n\t\t\"writing a short story\",\n\t\t\"writing a poem\",\n\t\t\/\/\"creating visual art\", \/ remove because it is not text-based\n\t\t\"creating a daily schedule\",\n\t\t\"generating a shopping list\",\n\t\t\"writing a dinner recipe\"\n\t];\n\tshuffle(nonsocial_array);\n\tvar nonsocial_selected = nonsocial_array.slice(0, 3);\n\t\n\t\/\/ shuffle together and set embedded data\n\tvar final = social_selected.concat(nonsocial_selected);\n\tshuffle(final);\n\tQualtrics.SurveyEngine.setEmbeddedData( 'Task1', final[0]);\n\tQualtrics.SurveyEngine.setEmbeddedData( 'Task2', final[1]);\n\tQualtrics.SurveyEngine.setEmbeddedData( 'Task3', final[2]);\n\tQualtrics.SurveyEngine.setEmbeddedData( 'Task4', final[3]);\n\tQualtrics.SurveyEngine.setEmbeddedData( 'Task5', final[4]);\n\tQualtrics.SurveyEngine.setEmbeddedData( 'Task6', final[5]);\n\t\n});\n\nQualtrics.SurveyEngine.addOnReady(function()\n{\n\t\/*Place your JavaScript here to run when the page is fully displayed*\/\n\n});\n\nQualtrics.SurveyEngine.addOnUnload(function()\n{\n\t\/*Place your JavaScript here to run when the page is unloaded*\/\n\n});"}},{"SurveyID":"SV_3QS4S8d6x3d62sC","Element":"SQ","PrimaryAttribute":"QID27","SecondaryAttribute":" ","TertiaryAttribute":null,"Payload":{"Configuration":{"Align":"center","QuestionDescriptionOption":"UseText","Theme":"light"},"DataExportTag":"Captcha","DataVisibility":{"Hidden":false,"Private":false},"DefaultChoices":false,"GradingData":[],"Language":[],"NextAnswerId":1,"NextChoiceId":4,"QuestionDescription":" ","QuestionID":"QID27","QuestionText":"<span style=\"display:none\"><\/span>","QuestionText_Unsafe":"<span style=\"display:none\"><\/span>","QuestionType":"Captcha","Selector":"V2"}},{"SurveyID":"SV_3QS4S8d6x3d62sC","Element":"SQ","PrimaryAttribute":"QID28","SecondaryAttribute":"Timing","TertiaryAttribute":null,"Payload":{"Choices":{"1":{"Display":"First Click"},"2":{"Display":"Last Click"},"3":{"Display":"Page Submit"},"4":{"Display":"Click Count"}},"Configuration":{"MaxSeconds":"0","MinSeconds":"0","QuestionDescriptionOption":"UseText"},"DataExportTag":"Captcha_Timer","DataVisibility":{"Hidden":false,"Private":false},"DefaultChoices":false,"GradingData":[],"Language":[],"NextAnswerId":1,"NextChoiceId":24,"QuestionDescription":"Timing","QuestionID":"QID28","QuestionText":"Timing","QuestionText_Unsafe":"Timing","QuestionType":"Timing","Selector":"PageTimer"}},{"SurveyID":"SV_3QS4S8d6x3d62sC","Element":"SQ","PrimaryAttribute":"QID29","SecondaryAttribute":"Are you 18 years old or older?","TertiaryAttribute":null,"Payload":{"QuestionText":"Are you 18 years old or older?<br>","DataExportTag":"Consent_Age","QuestionType":"MC","Selector":"SAVR","SubSelector":"TX","DataVisibility":{"Private":false,"Hidden":false},"Configuration":{"QuestionDescriptionOption":"UseText"},"QuestionDescription":"Are you 18 years old or older?","Choices":{"1":{"Display":"Yes"},"2":{"Display":"No"}},"ChoiceOrder":["1","2"],"Validation":{"Settings":{"ForceResponse":"ON","ForceResponseType":"ON","Type":"None"}},"Language":[],"NextChoiceId":4,"NextAnswerId":1,"QuestionID":"QID29"}},{"SurveyID":"SV_3QS4S8d6x3d62sC","Element":"SQ","PrimaryAttribute":"QID30","SecondaryAttribute":"Do you have any remarks or comments about today's study?","TertiaryAttribute":null,"Payload":{"QuestionText":"Do you have any remarks or comments about today's study?","DefaultChoices":false,"DataExportTag":"Debrief_OpenEnded","QuestionID":"QID30","QuestionType":"TE","Selector":"ML","DataVisibility":{"Private":false,"Hidden":false},"Configuration":{"QuestionDescriptionOption":"UseText","InputWidth":610,"InputHeight":166},"QuestionDescription":"Do you have any remarks or comments about today's study?","Validation":{"Settings":{"ForceResponse":"OFF","Type":"None"}},"GradingData":[],"Language":[],"NextChoiceId":4,"NextAnswerId":1,"SearchSource":{"AllowFreeResponse":"false"}}},{"SurveyID":"SV_3QS4S8d6x3d62sC","Element":"SQ","PrimaryAttribute":"QID42","SecondaryAttribute":"Before we begin, please answer some questions about yourself.","TertiaryAttribute":null,"Payload":{"QuestionText":"Before we begin, please answer some questions about yourself.","DefaultChoices":false,"DataExportTag":"Demographics_Text","QuestionType":"DB","Selector":"TB","DataVisibility":{"Private":false,"Hidden":false},"Configuration":{"QuestionDescriptionOption":"UseText"},"QuestionDescription":"Before we begin, please answer some questions about yourself.","ChoiceOrder":[],"Validation":{"Settings":{"Type":"None"}},"GradingData":[],"Language":[],"NextChoiceId":4,"NextAnswerId":1,"QuestionID":"QID42"}},{"SurveyID":"SV_3QS4S8d6x3d62sC","Element":"SQ","PrimaryAttribute":"QID43","SecondaryAttribute":"How old are you?","TertiaryAttribute":null,"Payload":{"QuestionText":"How old are you?","DefaultChoices":false,"DataExportTag":"Demographics_Age","QuestionID":"QID43","QuestionType":"TE","Selector":"SL","DataVisibility":{"Private":false,"Hidden":false},"Configuration":{"QuestionDescriptionOption":"UseText","InputWidth":68,"InputHeight":29},"QuestionDescription":"How old are you?","Validation":{"Settings":{"ForceResponse":"RequestResponse","ForceResponseType":"RequestResponse","Type":"ContentType","MinChars":"1","ContentType":"ValidNumber","ValidDateType":"DateWithFormat","ValidPhoneType":"ValidUSPhone","ValidZipType":"ValidUSZip","ValidNumber":{"Min":"18","Max":"120","NumDecimals":"0"}}},"GradingData":[],"Language":[],"NextChoiceId":4,"NextAnswerId":1,"SearchSource":{"AllowFreeResponse":"false"}}},{"SurveyID":"SV_3QS4S8d6x3d62sC","Element":"SQ","PrimaryAttribute":"QID44","SecondaryAttribute":"How do you describe yourself?","TertiaryAttribute":null,"Payload":{"QuestionText":"How do you describe yourself?","DefaultChoices":false,"DataExportTag":"Demographics_Gender","QuestionType":"MC","Selector":"SAVR","SubSelector":"TX","DataVisibility":{"Private":false,"Hidden":false},"Configuration":{"QuestionDescriptionOption":"UseText"},"QuestionDescription":"How do you describe yourself?","Choices":{"1":{"Display":"Male"},"2":{"Display":"Female"},"3":{"Display":"Non-binary \/ third gender"},"4":{"Display":"Prefer to self-describe","TextEntry":"true"},"5":{"Display":"Prefer not to say"}},"ChoiceOrder":["1","2","3","4","5"],"Validation":{"Settings":{"ForceResponse":"RequestResponse","ForceResponseType":"RequestResponse","Type":"None"}},"GradingData":[],"Language":[],"NextChoiceId":6,"NextAnswerId":1,"QuestionID":"QID44"}},{"SurveyID":"SV_3QS4S8d6x3d62sC","Element":"SQ","PrimaryAttribute":"QID45","SecondaryAttribute":"Timing","TertiaryAttribute":null,"Payload":{"QuestionText":"Timing","DefaultChoices":false,"DataExportTag":"Demographics_Timer","QuestionType":"Timing","Selector":"PageTimer","DataVisibility":{"Private":false,"Hidden":false},"Configuration":{"QuestionDescriptionOption":"UseText","MinSeconds":"0","MaxSeconds":"0"},"QuestionDescription":"Timing","Choices":{"1":{"Display":"First Click"},"2":{"Display":"Last Click"},"3":{"Display":"Page Submit"},"4":{"Display":"Click Count"}},"GradingData":[],"Language":[],"NextChoiceId":20,"NextAnswerId":1,"QuestionID":"QID45"}},{"SurveyID":"SV_3QS4S8d6x3d62sC","Element":"SQ","PrimaryAttribute":"QID46","SecondaryAttribute":"In this study, you will read several short scenarios in which a person completes an everyday task...","TertiaryAttribute":null,"Payload":{"QuestionText":"In this study, you will read several <b>short scenarios<\/b> in which a person completes an everyday task.<br><br>For each scenario, you will be asked a series of questions about the person. Please answer these questions carefully.<br>","DefaultChoices":false,"DataExportTag":"Intro_Control","QuestionType":"DB","Selector":"TB","DataVisibility":{"Private":false,"Hidden":false},"Configuration":{"QuestionDescriptionOption":"UseText"},"QuestionDescription":"In this study, you will read several short scenarios in which a person completes an everyday task...","ChoiceOrder":[],"Validation":{"Settings":{"Type":"None"}},"GradingData":[],"Language":[],"NextChoiceId":4,"NextAnswerId":1,"QuestionID":"QID46","DisplayLogic":{"0":{"0":{"LogicType":"EmbeddedField","LeftOperand":"Treatment","Operator":"EqualTo","RightOperand":"Control","Type":"Expression","Description":"<span class=\"ConjDesc\">If<\/span> <span class=\"LeftOpDesc\">Treatment<\/span> <span class=\"OpDesc\">Is Equal to<\/span> <span class=\"RightOpDesc\"> Control <\/span>"},"Type":"If"},"Type":"BooleanExpression","inPage":false}}},{"SurveyID":"SV_3QS4S8d6x3d62sC","Element":"SQ","PrimaryAttribute":"QID48","SecondaryAttribute":"In this study, you will read several short scenarios in which a person uses the artificial intell...","TertiaryAttribute":null,"Payload":{"QuestionText":"In this study, you will read several <b>short scenarios<\/b> in which a person uses the artificial intelligence (AI) tool ChatGPT to help them complete an everyday task.<br><br>For each scenario, you will be asked a series of questions about the person. Please answer these questions carefully.<br>","DefaultChoices":false,"DataExportTag":"Intro_AI","QuestionType":"DB","Selector":"TB","DataVisibility":{"Private":false,"Hidden":false},"Configuration":{"QuestionDescriptionOption":"UseText"},"QuestionDescription":"In this study, you will read several short scenarios in which a person uses the artificial intell...","DisplayLogic":{"0":{"0":{"LogicType":"EmbeddedField","LeftOperand":"Treatment","Operator":"NotEqualTo","RightOperand":"Control","Type":"Expression","Description":"<span class=\"ConjDesc\">If<\/span> <span class=\"LeftOpDesc\">Treatment<\/span> <span class=\"OpDesc\">Is Not Equal to<\/span> <span class=\"RightOpDesc\"> Control <\/span>"},"Type":"If"},"Type":"BooleanExpression","inPage":false},"ChoiceOrder":[],"Validation":{"Settings":{"Type":"None"}},"GradingData":[],"Language":[],"NextChoiceId":4,"NextAnswerId":1,"QuestionID":"QID48"}},{"SurveyID":"SV_3QS4S8d6x3d62sC","Element":"SQ","PrimaryAttribute":"QID49","SecondaryAttribute":"Timing","TertiaryAttribute":null,"Payload":{"QuestionText":"Timing","DefaultChoices":false,"DataExportTag":"Intro_Timer","QuestionType":"Timing","Selector":"PageTimer","DataVisibility":{"Private":false,"Hidden":false},"Configuration":{"QuestionDescriptionOption":"UseText","MinSeconds":"0","MaxSeconds":"0"},"QuestionDescription":"Timing","Choices":{"1":{"Display":"First Click"},"2":{"Display":"Last Click"},"3":{"Display":"Page Submit"},"4":{"Display":"Click Count"}},"GradingData":[],"Language":[],"NextChoiceId":32,"NextAnswerId":1,"QuestionID":"QID49"}},{"SurveyID":"SV_3QS4S8d6x3d62sC","Element":"SQ","PrimaryAttribute":"QID50","SecondaryAttribute":"Here is the ${lm:\/\/Field\/1} scenario. Please read it carefully. ${lm:\/\/Field\/2} is ...","TertiaryAttribute":null,"Payload":{"QuestionText":"Here is the ${lm:\/\/Field\/1} scenario. Please read it carefully.<br>\n<br>\n<span style=\"color:#2980b9;\"><b>${lm:\/\/Field\/2} is <u>${lm:\/\/Field\/3}<\/u>.<br><br>In order to complete this task, ${lm:\/\/Field\/2} works on it by ${lm:\/\/Field\/4} from start to finish.<\/b><\/span>","DefaultChoices":false,"DataExportTag":"Intro_Control","QuestionType":"DB","Selector":"TB","DataVisibility":{"Private":false,"Hidden":false},"Configuration":{"QuestionDescriptionOption":"UseText"},"QuestionDescription":"Here is the ${lm:\/\/Field\/1} scenario. Please read it carefully. ${lm:\/\/Field\/2} is ...","ChoiceOrder":[],"Validation":{"Settings":{"Type":"None"}},"GradingData":[],"Language":[],"NextChoiceId":4,"NextAnswerId":1,"QuestionID":"QID50","DisplayLogic":{"0":{"0":{"Description":"<span class=\"ConjDesc\">If<\/span> <span class=\"LeftOpDesc\">Treatment<\/span> <span class=\"OpDesc\">Is Equal to<\/span> <span class=\"RightOpDesc\"> Control <\/span>","LeftOperand":"Treatment","LogicType":"EmbeddedField","Operator":"EqualTo","RightOperand":"Control","Type":"Expression"},"Type":"If"},"Type":"BooleanExpression","inPage":false}}},{"SurveyID":"SV_3QS4S8d6x3d62sC","Element":"SQ","PrimaryAttribute":"QID53","SecondaryAttribute":"How well do each of the following words describe ${lm:\/\/Field\/2}?","TertiaryAttribute":null,"Payload":{"QuestionText":"How well do each of the following words describe ${lm:\/\/Field\/2}?","DefaultChoices":false,"DataExportTag":"Test_Evaluation","QuestionType":"Matrix","Selector":"Likert","SubSelector":"SingleAnswer","DataVisibility":{"Private":false,"Hidden":false},"Configuration":{"QuestionDescriptionOption":"UseText","TextPosition":"inline","ChoiceColumnWidth":25,"RepeatHeaders":"none","WhiteSpace":"OFF","MobileFirst":true},"QuestionDescription":"How well do each of the following words describe ${lm:\/\/Field\/2}?","Choices":{"1":{"Display":"Competent"},"2":{"Display":"Warm"},"3":{"Display":"Moral"},"4":{"Display":"Lazy"},"5":{"Display":"Trustworthy"}},"ChoiceOrder":["1","2","3","4","5"],"Validation":{"Settings":{"ForceResponse":"RequestResponse","ForceResponseType":"RequestResponse","Type":"None"}},"GradingData":[],"Language":[],"NextChoiceId":6,"NextAnswerId":8,"Answers":{"1":{"Display":"1<br>Does not describe ${lm:\/\/Field\/2} well"},"2":{"Display":"2"},"3":{"Display":"3"},"4":{"Display":"4"},"5":{"Display":"5"},"6":{"Display":"6"},"7":{"Display":"7<br>Describes ${lm:\/\/Field\/2} extremely well"}},"AnswerOrder":["1","2","3","4","5","6","7"],"ChoiceDataExportTags":false,"QuestionID":"QID53","Randomization":{"Advanced":null,"EvenPresentation":false,"TotalRandSubset":"","Type":"None"}}},{"SurveyID":"SV_3QS4S8d6x3d62sC","Element":"SQ","PrimaryAttribute":"QID56","SecondaryAttribute":"Timing","TertiaryAttribute":null,"Payload":{"QuestionText":"Timing","DefaultChoices":false,"DataExportTag":"Test_Timer","QuestionType":"Timing","Selector":"PageTimer","DataVisibility":{"Private":false,"Hidden":false},"Configuration":{"QuestionDescriptionOption":"UseText","MinSeconds":"0","MaxSeconds":"0"},"QuestionDescription":"Timing","Choices":{"1":{"Display":"First Click"},"2":{"Display":"Last Click"},"3":{"Display":"Page Submit"},"4":{"Display":"Click Count"}},"GradingData":[],"Language":[],"NextChoiceId":32,"NextAnswerId":1,"QuestionID":"QID56"}},{"SurveyID":"SV_3QS4S8d6x3d62sC","Element":"SQ","PrimaryAttribute":"QID57","SecondaryAttribute":"Thank you. Before completing the study, please answer a few questions about the AI tool ChatGPT.","TertiaryAttribute":null,"Payload":{"QuestionText":"Thank you. Before completing the study, please answer a few questions about <b>the AI tool ChatGPT<\/b>.","DefaultChoices":false,"DataExportTag":"ChatGPT_Intro","QuestionType":"DB","Selector":"TB","DataVisibility":{"Private":false,"Hidden":false},"Configuration":{"QuestionDescriptionOption":"UseText"},"QuestionDescription":"Thank you. Before completing the study, please answer a few questions about the AI tool ChatGPT.","ChoiceOrder":[],"Validation":{"Settings":{"Type":"None"}},"GradingData":[],"Language":[],"NextChoiceId":4,"NextAnswerId":1,"QuestionID":"QID57"}},{"SurveyID":"SV_3QS4S8d6x3d62sC","Element":"SQ","PrimaryAttribute":"QID58","SecondaryAttribute":"How familiar are you with the AI tool ChatGPT?","TertiaryAttribute":null,"Payload":{"QuestionText":"How <b>familiar<\/b> are you with the AI tool ChatGPT?","DefaultChoices":false,"DataExportTag":"ChatGPT_Familiarity","QuestionType":"MC","Selector":"SAHR","SubSelector":"TX","DataVisibility":{"Private":false,"Hidden":false},"Configuration":{"QuestionDescriptionOption":"UseText","LabelPosition":"BELOW"},"QuestionDescription":"How familiar are you with the AI tool ChatGPT?","Choices":{"1":{"Display":"1<br>Extremely unfamiliar"},"2":{"Display":"2"},"3":{"Display":"3"},"4":{"Display":"4"},"5":{"Display":"5"},"6":{"Display":"6"},"7":{"Display":"7<br>Extremely familiar"}},"ChoiceOrder":["1","2","3","4","5","6","7"],"Validation":{"Settings":{"ForceResponse":"RequestResponse","ForceResponseType":"RequestResponse","Type":"None"}},"GradingData":[],"Language":[],"NextChoiceId":8,"NextAnswerId":1,"QuestionID":"QID58"}},{"SurveyID":"SV_3QS4S8d6x3d62sC","Element":"SQ","PrimaryAttribute":"QID59","SecondaryAttribute":"Have you ever\u00a0used ChatGPT before?","TertiaryAttribute":null,"Payload":{"QuestionText":"Have you ever&nbsp;<b>used<\/b> ChatGPT before?","DefaultChoices":false,"DataExportTag":"ChatGPT_Used","QuestionType":"MC","Selector":"SAVR","SubSelector":"TX","DataVisibility":{"Private":false,"Hidden":false},"Configuration":{"QuestionDescriptionOption":"UseText"},"QuestionDescription":"Have you ever\u00a0used ChatGPT before?","Choices":{"1":{"Display":"Yes"},"2":{"Display":"No"}},"ChoiceOrder":["1","2"],"Validation":{"Settings":{"ForceResponse":"RequestResponse","ForceResponseType":"RequestResponse","Type":"None"}},"GradingData":[],"Language":[],"NextChoiceId":4,"NextAnswerId":1,"QuestionID":"QID59"}},{"SurveyID":"SV_3QS4S8d6x3d62sC","Element":"SQ","PrimaryAttribute":"QID60","SecondaryAttribute":"How frequently do you use ChatGPT?","TertiaryAttribute":null,"Payload":{"QuestionText":"How <b>frequently<\/b> do you use ChatGPT?","DefaultChoices":false,"DataExportTag":"ChatGPT_Frequency","QuestionType":"MC","Selector":"SAHR","SubSelector":"TX","DataVisibility":{"Private":false,"Hidden":false},"Configuration":{"QuestionDescriptionOption":"UseText","LabelPosition":"BELOW"},"QuestionDescription":"How frequently do you use ChatGPT?","Choices":{"1":{"Display":"1<br>Never"},"2":{"Display":"2<br>Rarely"},"3":{"Display":"3<br>Occasionally"},"4":{"Display":"4<br>Frequently"},"5":{"Display":"5<br>Very frequently"}},"ChoiceOrder":["1","2","3","4","5"],"Validation":{"Settings":{"ForceResponse":"RequestResponse","ForceResponseType":"RequestResponse","Type":"None"}},"GradingData":[],"Language":[],"NextChoiceId":8,"NextAnswerId":1,"QuestionID":"QID60"}},{"SurveyID":"SV_3QS4S8d6x3d62sC","Element":"SQ","PrimaryAttribute":"QID61","SecondaryAttribute":"How trustworthy do you think ChatGPT is?","TertiaryAttribute":null,"Payload":{"QuestionText":"How <b>trustworthy<\/b> do you think ChatGPT is?","DefaultChoices":false,"DataExportTag":"ChatGPT_Trust","QuestionType":"MC","Selector":"SAHR","SubSelector":"TX","DataVisibility":{"Private":false,"Hidden":false},"Configuration":{"QuestionDescriptionOption":"UseText","LabelPosition":"BELOW"},"QuestionDescription":"How trustworthy do you think ChatGPT is?","Choices":{"1":{"Display":"1<br>Extremely untrustworthy"},"2":{"Display":"2"},"3":{"Display":"3"},"4":{"Display":"4"},"5":{"Display":"5"},"6":{"Display":"6"},"7":{"Display":"7<br>Extremely trustworthy"}},"ChoiceOrder":["1","2","3","4","5","6","7"],"Validation":{"Settings":{"ForceResponse":"RequestResponse","ForceResponseType":"RequestResponse","Type":"None"}},"GradingData":[],"Language":[],"NextChoiceId":8,"NextAnswerId":1,"QuestionID":"QID61"}},{"SurveyID":"SV_3QS4S8d6x3d62sC","Element":"SQ","PrimaryAttribute":"QID62","SecondaryAttribute":"Here is the ${lm:\/\/Field\/1} scenario. Please read it carefully. ${lm:\/\/Field\/2} is ...","TertiaryAttribute":null,"Payload":{"QuestionText":"Here is the ${lm:\/\/Field\/1} scenario. Please read it carefully.<br>\n<br>\n<span style=\"color:#2980b9;\"><b>${lm:\/\/Field\/2} is <u>${lm:\/\/Field\/3}<\/u>.<br><br>In order to complete this task, ${lm:\/\/Field\/2} uses the AI tool ChatGPT. ${lm:\/\/Field\/6} asks ChatGPT to provide ideas, inspiration, and feedback, but ${lm:\/\/Field\/7} edits and rewrites the suggestions and finishes the task ${lm:\/\/Field\/4}.<br><br>After completing the task, ${lm:\/\/Field\/2} is asked how ${lm:\/\/Field\/7} came up with ${lm:\/\/Field\/8} ideas. ${lm:\/\/Field\/2} acknowledges that ${lm:\/\/Field\/7} used ChatGPT as a tool.<\/b><\/span>","DefaultChoices":false,"DataExportTag":"Intro_Tool_Honest","QuestionType":"DB","Selector":"TB","DataVisibility":{"Private":false,"Hidden":false},"Configuration":{"QuestionDescriptionOption":"UseText"},"QuestionDescription":"Here is the ${lm:\/\/Field\/1} scenario. Please read it carefully. ${lm:\/\/Field\/2} is ...","DisplayLogic":{"0":{"0":{"Description":"<span class=\"ConjDesc\">If<\/span> <span class=\"LeftOpDesc\">Treatment<\/span> <span class=\"OpDesc\">Is Equal to<\/span> <span class=\"RightOpDesc\"> AI_Tool_Honest <\/span>","LeftOperand":"Treatment","LogicType":"EmbeddedField","Operator":"EqualTo","RightOperand":"AI_Tool_Honest","Type":"Expression"},"Type":"If"},"Type":"BooleanExpression","inPage":false},"ChoiceOrder":[],"Validation":{"Settings":{"Type":"None"}},"GradingData":[],"Language":[],"NextChoiceId":4,"NextAnswerId":1,"QuestionID":"QID62"}},{"SurveyID":"SV_3QS4S8d6x3d62sC","Element":"SQ","PrimaryAttribute":"QID63","SecondaryAttribute":"Here is the ${lm:\/\/Field\/1} scenario. Please read it carefully. ${lm:\/\/Field\/2} is ...","TertiaryAttribute":null,"Payload":{"QuestionText":"Here is the ${lm:\/\/Field\/1} scenario. Please read it carefully.<br>\n<br>\n<span style=\"color:#2980b9;\"><b>${lm:\/\/Field\/2} is <u>${lm:\/\/Field\/3}<\/u>.<br><br>In order to complete this task, ${lm:\/\/Field\/2} uses the AI tool ChatGPT. ${lm:\/\/Field\/6} asks ChatGPT to provide ideas, inspiration, and feedback, but ${lm:\/\/Field\/7} edits and rewrites the suggestions and finishes the task ${lm:\/\/Field\/4}.<br><br>After completing the task, ${lm:\/\/Field\/2} is asked how ${lm:\/\/Field\/7} came up with ${lm:\/\/Field\/8} ideas. ${lm:\/\/Field\/2} does not acknowledge that ${lm:\/\/Field\/7} used ChatGPT as a tool.<\/b><\/span>","DefaultChoices":false,"DataExportTag":"Intro_Tool_Deception","QuestionType":"DB","Selector":"TB","DataVisibility":{"Private":false,"Hidden":false},"Configuration":{"QuestionDescriptionOption":"UseText"},"QuestionDescription":"Here is the ${lm:\/\/Field\/1} scenario. Please read it carefully. ${lm:\/\/Field\/2} is ...","DisplayLogic":{"0":{"0":{"Description":"<span class=\"ConjDesc\">If<\/span> <span class=\"LeftOpDesc\">Treatment<\/span> <span class=\"OpDesc\">Is Equal to<\/span> <span class=\"RightOpDesc\"> AI_Tool_Deception <\/span>","LeftOperand":"Treatment","LogicType":"EmbeddedField","Operator":"EqualTo","RightOperand":"AI_Tool_Deception","Type":"Expression"},"Type":"If"},"Type":"BooleanExpression","inPage":false},"ChoiceOrder":[],"Validation":{"Settings":{"Type":"None"}},"GradingData":[],"Language":[],"NextChoiceId":4,"NextAnswerId":1,"QuestionID":"QID63"}},{"SurveyID":"SV_3QS4S8d6x3d62sC","Element":"SQ","PrimaryAttribute":"QID64","SecondaryAttribute":"Here is the ${lm:\/\/Field\/1} scenario. Please read it carefully. ${lm:\/\/Field\/2} is ...","TertiaryAttribute":null,"Payload":{"QuestionText":"Here is the ${lm:\/\/Field\/1} scenario. Please read it carefully.<br>\n<br>\n<span style=\"color:#2980b9;\"><b>${lm:\/\/Field\/2} is <u>${lm:\/\/Field\/3}<\/u>.<br><br>In order to complete this task, ${lm:\/\/Field\/2} uses the AI tool ChatGPT. ${lm:\/\/Field\/6} copies ChatGPT\u2019s output word-for-word, rather than doing it ${lm:\/\/Field\/4}.<br><br>After completing the task, ${lm:\/\/Field\/2} is asked how ${lm:\/\/Field\/7} came up with ${lm:\/\/Field\/8} ideas. ${lm:\/\/Field\/2} acknowledges that ${lm:\/\/Field\/7} got ChatGPT to do the task for ${lm:\/\/Field\/5}.<\/b><\/span>","DefaultChoices":false,"DataExportTag":"Intro_Full_Honest","QuestionType":"DB","Selector":"TB","DataVisibility":{"Private":false,"Hidden":false},"Configuration":{"QuestionDescriptionOption":"UseText"},"QuestionDescription":"Here is the ${lm:\/\/Field\/1} scenario. Please read it carefully. ${lm:\/\/Field\/2} is ...","DisplayLogic":{"0":{"0":{"Description":"<span class=\"ConjDesc\">If<\/span> <span class=\"LeftOpDesc\">Treatment<\/span> <span class=\"OpDesc\">Is Equal to<\/span> <span class=\"RightOpDesc\"> AI_Full_Honest <\/span>","LeftOperand":"Treatment","LogicType":"EmbeddedField","Operator":"EqualTo","RightOperand":"AI_Full_Honest","Type":"Expression"},"Type":"If"},"Type":"BooleanExpression","inPage":false},"ChoiceOrder":[],"Validation":{"Settings":{"Type":"None"}},"GradingData":[],"Language":[],"NextChoiceId":4,"NextAnswerId":1,"QuestionID":"QID64"}},{"SurveyID":"SV_3QS4S8d6x3d62sC","Element":"SQ","PrimaryAttribute":"QID65","SecondaryAttribute":"Here is the ${lm:\/\/Field\/1} scenario. Please read it carefully. ${lm:\/\/Field\/2} is ...","TertiaryAttribute":null,"Payload":{"QuestionText":"Here is the ${lm:\/\/Field\/1} scenario. Please read it carefully.<br>\n<br>\n<span style=\"color:#2980b9;\"><b>${lm:\/\/Field\/2} is <u>${lm:\/\/Field\/3}<\/u>.<br><br>In order to complete this task, ${lm:\/\/Field\/2} uses the AI tool ChatGPT. ${lm:\/\/Field\/6} copies ChatGPT\u2019s output word-for-word, rather than doing it ${lm:\/\/Field\/4}.<br><br>After completing the task, ${lm:\/\/Field\/2} is asked how ${lm:\/\/Field\/7} came up with ${lm:\/\/Field\/8} ideas. ${lm:\/\/Field\/2} does not acknowledge that ${lm:\/\/Field\/7} got ChatGPT to do the task for ${lm:\/\/Field\/5}.<\/b><\/span>","DefaultChoices":false,"DataExportTag":"Intro_Full_Deception","QuestionType":"DB","Selector":"TB","DataVisibility":{"Private":false,"Hidden":false},"Configuration":{"QuestionDescriptionOption":"UseText"},"QuestionDescription":"Here is the ${lm:\/\/Field\/1} scenario. Please read it carefully. ${lm:\/\/Field\/2} is ...","DisplayLogic":{"0":{"0":{"Description":"<span class=\"ConjDesc\">If<\/span> <span class=\"LeftOpDesc\">Treatment<\/span> <span class=\"OpDesc\">Is Equal to<\/span> <span class=\"RightOpDesc\"> AI_Full_Deception <\/span>","LeftOperand":"Treatment","LogicType":"EmbeddedField","Operator":"EqualTo","RightOperand":"AI_Full_Deception","Type":"Expression"},"Type":"If"},"Type":"BooleanExpression","inPage":false},"ChoiceOrder":[],"Validation":{"Settings":{"Type":"None"}},"GradingData":[],"Language":[],"NextChoiceId":4,"NextAnswerId":1,"QuestionID":"QID65"}},{"SurveyID":"SV_3QS4S8d6x3d62sC","Element":"SQ","PrimaryAttribute":"QID66","SecondaryAttribute":"Timing","TertiaryAttribute":null,"Payload":{"QuestionText":"Timing","DefaultChoices":false,"DataExportTag":"ChatGPT_Timer","QuestionType":"Timing","Selector":"PageTimer","DataVisibility":{"Private":false,"Hidden":false},"Configuration":{"QuestionDescriptionOption":"UseText","MinSeconds":"0","MaxSeconds":"0"},"QuestionDescription":"Timing","Choices":{"1":{"Display":"First Click"},"2":{"Display":"Last Click"},"3":{"Display":"Page Submit"},"4":{"Display":"Click Count"}},"GradingData":[],"Language":[],"NextChoiceId":20,"NextAnswerId":1,"QuestionID":"QID66"}},{"SurveyID":"SV_3QS4S8d6x3d62sC","Element":"STAT","PrimaryAttribute":"Survey Statistics","SecondaryAttribute":null,"TertiaryAttribute":null,"Payload":{"MobileCompatible":true,"ID":"Survey Statistics"}}]}